// !$*UTF8*$!
{
	archiveVersion = 1;
	classes = {
	};
	objectVersion = 55;
	objects = {

/* Begin PBXBuildFile section */
		07C0709C5DB381F6C8A780B7 /* Pods_mvvm_projectTests.framework in Frameworks */ = {isa = PBXBuildFile; fileRef = 85CABE26A8DC2B07CF2020B7 /* Pods_mvvm_projectTests.framework */; };
		80F1458199DEA97058BDF776 /* Pods_mvvm_project_mvvm_projectUITests.framework in Frameworks */ = {isa = PBXBuildFile; fileRef = 5961FFA5039B511C89CCDD86 /* Pods_mvvm_project_mvvm_projectUITests.framework */; };
		950F2155276E005200EAD340 /* Photo.swift in Sources */ = {isa = PBXBuildFile; fileRef = 950F2154276E005200EAD340 /* Photo.swift */; };
		950F2162276E083700EAD340 /* TabBarCoordinator.swift in Sources */ = {isa = PBXBuildFile; fileRef = 950F2161276E083700EAD340 /* TabBarCoordinator.swift */; };
		951A21B527687CE700F3B33A /* ResponseDecoder.swift in Sources */ = {isa = PBXBuildFile; fileRef = 951A21B427687CE700F3B33A /* ResponseDecoder.swift */; };
		951A21B727687D0600F3B33A /* CodableDecoder.swift in Sources */ = {isa = PBXBuildFile; fileRef = 951A21B627687D0600F3B33A /* CodableDecoder.swift */; };
		95220A542766853C00A2C78A /* NetworkError.swift in Sources */ = {isa = PBXBuildFile; fileRef = 95220A532766853C00A2C78A /* NetworkError.swift */; };
		95220A562766856D00A2C78A /* NetworkEnvironment.swift in Sources */ = {isa = PBXBuildFile; fileRef = 95220A552766856D00A2C78A /* NetworkEnvironment.swift */; };
		95220A5927668A6C00A2C78A /* Reachability.swift in Sources */ = {isa = PBXBuildFile; fileRef = 95220A5827668A6B00A2C78A /* Reachability.swift */; };
		95A253E5276506400049D1FB /* AppDelegate.swift in Sources */ = {isa = PBXBuildFile; fileRef = 95A253E4276506400049D1FB /* AppDelegate.swift */; };
		95A253E7276506400049D1FB /* SceneDelegate.swift in Sources */ = {isa = PBXBuildFile; fileRef = 95A253E6276506400049D1FB /* SceneDelegate.swift */; };
		95A253EE276506420049D1FB /* Assets.xcassets in Resources */ = {isa = PBXBuildFile; fileRef = 95A253ED276506420049D1FB /* Assets.xcassets */; };
		95A253F1276506420049D1FB /* LaunchScreen.storyboard in Resources */ = {isa = PBXBuildFile; fileRef = 95A253EF276506420049D1FB /* LaunchScreen.storyboard */; };
		95A253FC276506430049D1FB /* mvvm_projectTests.swift in Sources */ = {isa = PBXBuildFile; fileRef = 95A253FB276506430049D1FB /* mvvm_projectTests.swift */; };
		95A25406276506430049D1FB /* mvvm_projectUITests.swift in Sources */ = {isa = PBXBuildFile; fileRef = 95A25405276506430049D1FB /* mvvm_projectUITests.swift */; };
		95A25408276506430049D1FB /* mvvm_projectUITestsLaunchTests.swift in Sources */ = {isa = PBXBuildFile; fileRef = 95A25407276506430049D1FB /* mvvm_projectUITestsLaunchTests.swift */; };
		95A2542B2766411D0049D1FB /* NetworkRouter.swift in Sources */ = {isa = PBXBuildFile; fileRef = 95A2542A2766411D0049D1FB /* NetworkRouter.swift */; };
		95A2542D2766415D0049D1FB /* EndPointType.swift in Sources */ = {isa = PBXBuildFile; fileRef = 95A2542C2766415D0049D1FB /* EndPointType.swift */; };
		95A25432276657A60049D1FB /* ParameterEncoder.swift in Sources */ = {isa = PBXBuildFile; fileRef = 95A25431276657A60049D1FB /* ParameterEncoder.swift */; };
		95A25434276657EE0049D1FB /* HTTPMethod.swift in Sources */ = {isa = PBXBuildFile; fileRef = 95A25433276657EE0049D1FB /* HTTPMethod.swift */; };
		95A25436276658840049D1FB /* URLParameterEncoder.swift in Sources */ = {isa = PBXBuildFile; fileRef = 95A25435276658840049D1FB /* URLParameterEncoder.swift */; };
		95A25438276658900049D1FB /* JSONParameterEncoder.swift in Sources */ = {isa = PBXBuildFile; fileRef = 95A25437276658900049D1FB /* JSONParameterEncoder.swift */; };
		95B4AE4727696E03006F07AD /* MappableDecoder.swift in Sources */ = {isa = PBXBuildFile; fileRef = 95B4AE4627696E03006F07AD /* MappableDecoder.swift */; };
		95B5029B2770DD1800E1ABC4 /* Router.swift in Sources */ = {isa = PBXBuildFile; fileRef = 95B5029A2770DD1800E1ABC4 /* Router.swift */; };
		95B5029E2770DE3200E1ABC4 /* PhotoListRouter.swift in Sources */ = {isa = PBXBuildFile; fileRef = 95B5029D2770DE3200E1ABC4 /* PhotoListRouter.swift */; };
		95F509F8276E1796000ABDF5 /* TabBarController.swift in Sources */ = {isa = PBXBuildFile; fileRef = 95F509F6276E1796000ABDF5 /* TabBarController.swift */; };
		95F509FD276E1D61000ABDF5 /* Main.storyboard in Resources */ = {isa = PBXBuildFile; fileRef = 95F509FC276E1D61000ABDF5 /* Main.storyboard */; };
		95F50A06276F1757000ABDF5 /* PhotoTableViewCell.swift in Sources */ = {isa = PBXBuildFile; fileRef = 95F50A04276F1757000ABDF5 /* PhotoTableViewCell.swift */; };
		95F50A07276F1757000ABDF5 /* PhotoTableViewCell.xib in Resources */ = {isa = PBXBuildFile; fileRef = 95F50A05276F1757000ABDF5 /* PhotoTableViewCell.xib */; };
		95F50A0A276F1780000ABDF5 /* PhotoTableViewCellViewModel.swift in Sources */ = {isa = PBXBuildFile; fileRef = 95F50A09276F1780000ABDF5 /* PhotoTableViewCellViewModel.swift */; };
		95F50A0D276F2F19000ABDF5 /* PhotoListMVCTableViewController.swift in Sources */ = {isa = PBXBuildFile; fileRef = 95F50A0C276F2F19000ABDF5 /* PhotoListMVCTableViewController.swift */; };
		95F50A11276F392E000ABDF5 /* ListPhotoEndPoint.swift in Sources */ = {isa = PBXBuildFile; fileRef = 95F50A10276F392E000ABDF5 /* ListPhotoEndPoint.swift */; };
		95F50A13276F3952000ABDF5 /* ListPhotoAPIManager.swift in Sources */ = {isa = PBXBuildFile; fileRef = 95F50A12276F3952000ABDF5 /* ListPhotoAPIManager.swift */; };
		95F50A18276F4D2B000ABDF5 /* UITableViewExtension.swift in Sources */ = {isa = PBXBuildFile; fileRef = 95F50A17276F4D2B000ABDF5 /* UITableViewExtension.swift */; };
		95F50A1E276F6A1E000ABDF5 /* PhotoDetailViewController.swift in Sources */ = {isa = PBXBuildFile; fileRef = 95F50A1C276F6A1E000ABDF5 /* PhotoDetailViewController.swift */; };
		95F50A1F276F6A1E000ABDF5 /* PhotoDetailViewController.xib in Resources */ = {isa = PBXBuildFile; fileRef = 95F50A1D276F6A1E000ABDF5 /* PhotoDetailViewController.xib */; };
		95F50A23276F6BEE000ABDF5 /* PhotoListViewModel.swift in Sources */ = {isa = PBXBuildFile; fileRef = 95F50A22276F6BEE000ABDF5 /* PhotoListViewModel.swift */; };
		95F50A25276F6C0C000ABDF5 /* PhotoListViewController.swift in Sources */ = {isa = PBXBuildFile; fileRef = 95F50A24276F6C0C000ABDF5 /* PhotoListViewController.swift */; };
		D1BC1F67697123DA2DB4D722 /* Pods_mvvm_project.framework in Frameworks */ = {isa = PBXBuildFile; fileRef = 53EB50FCBAFD47CF3E99E14D /* Pods_mvvm_project.framework */; };
/* End PBXBuildFile section */

/* Begin PBXContainerItemProxy section */
		95A253F8276506430049D1FB /* PBXContainerItemProxy */ = {
			isa = PBXContainerItemProxy;
			containerPortal = 95A253D9276506400049D1FB /* Project object */;
			proxyType = 1;
			remoteGlobalIDString = 95A253E0276506400049D1FB;
			remoteInfo = "mvvm-project";
		};
		95A25402276506430049D1FB /* PBXContainerItemProxy */ = {
			isa = PBXContainerItemProxy;
			containerPortal = 95A253D9276506400049D1FB /* Project object */;
			proxyType = 1;
			remoteGlobalIDString = 95A253E0276506400049D1FB;
			remoteInfo = "mvvm-project";
		};
/* End PBXContainerItemProxy section */

/* Begin PBXFileReference section */
		1008EDC2E063387955695E65 /* Pods-mvvm-project-mvvm-projectUITests.debug (development).xcconfig */ = {isa = PBXFileReference; includeInIndex = 1; lastKnownFileType = text.xcconfig; name = "Pods-mvvm-project-mvvm-projectUITests.debug (development).xcconfig"; path = "Target Support Files/Pods-mvvm-project-mvvm-projectUITests/Pods-mvvm-project-mvvm-projectUITests.debug (development).xcconfig"; sourceTree = "<group>"; };
		21B97AC52BCC6088D0FF7CE0 /* Pods-mvvm-projectTests.debug (development).xcconfig */ = {isa = PBXFileReference; includeInIndex = 1; lastKnownFileType = text.xcconfig; name = "Pods-mvvm-projectTests.debug (development).xcconfig"; path = "Target Support Files/Pods-mvvm-projectTests/Pods-mvvm-projectTests.debug (development).xcconfig"; sourceTree = "<group>"; };
		220AB8323498087FC687BF4B /* Pods-mvvm-project.release (production).xcconfig */ = {isa = PBXFileReference; includeInIndex = 1; lastKnownFileType = text.xcconfig; name = "Pods-mvvm-project.release (production).xcconfig"; path = "Target Support Files/Pods-mvvm-project/Pods-mvvm-project.release (production).xcconfig"; sourceTree = "<group>"; };
		22C85CFA988DEDCFE853A06D /* Pods-mvvm-projectTests.release (staging).xcconfig */ = {isa = PBXFileReference; includeInIndex = 1; lastKnownFileType = text.xcconfig; name = "Pods-mvvm-projectTests.release (staging).xcconfig"; path = "Target Support Files/Pods-mvvm-projectTests/Pods-mvvm-projectTests.release (staging).xcconfig"; sourceTree = "<group>"; };
		4064DE64DA708877912A847A /* Pods-mvvm-project-mvvm-projectUITests.debug (production).xcconfig */ = {isa = PBXFileReference; includeInIndex = 1; lastKnownFileType = text.xcconfig; name = "Pods-mvvm-project-mvvm-projectUITests.debug (production).xcconfig"; path = "Target Support Files/Pods-mvvm-project-mvvm-projectUITests/Pods-mvvm-project-mvvm-projectUITests.debug (production).xcconfig"; sourceTree = "<group>"; };
		5070E8C15747871402DD3CE5 /* Pods-mvvm-project-mvvm-projectUITests.release (staging).xcconfig */ = {isa = PBXFileReference; includeInIndex = 1; lastKnownFileType = text.xcconfig; name = "Pods-mvvm-project-mvvm-projectUITests.release (staging).xcconfig"; path = "Target Support Files/Pods-mvvm-project-mvvm-projectUITests/Pods-mvvm-project-mvvm-projectUITests.release (staging).xcconfig"; sourceTree = "<group>"; };
		53EB50FCBAFD47CF3E99E14D /* Pods_mvvm_project.framework */ = {isa = PBXFileReference; explicitFileType = wrapper.framework; includeInIndex = 0; path = Pods_mvvm_project.framework; sourceTree = BUILT_PRODUCTS_DIR; };
		5961FFA5039B511C89CCDD86 /* Pods_mvvm_project_mvvm_projectUITests.framework */ = {isa = PBXFileReference; explicitFileType = wrapper.framework; includeInIndex = 0; path = Pods_mvvm_project_mvvm_projectUITests.framework; sourceTree = BUILT_PRODUCTS_DIR; };
		5B468684C21A4EF19BA06170 /* Pods-mvvm-projectTests.debug (staging).xcconfig */ = {isa = PBXFileReference; includeInIndex = 1; lastKnownFileType = text.xcconfig; name = "Pods-mvvm-projectTests.debug (staging).xcconfig"; path = "Target Support Files/Pods-mvvm-projectTests/Pods-mvvm-projectTests.debug (staging).xcconfig"; sourceTree = "<group>"; };
		685A36C96B794A7A3053B43B /* Pods-mvvm-project.release (development).xcconfig */ = {isa = PBXFileReference; includeInIndex = 1; lastKnownFileType = text.xcconfig; name = "Pods-mvvm-project.release (development).xcconfig"; path = "Target Support Files/Pods-mvvm-project/Pods-mvvm-project.release (development).xcconfig"; sourceTree = "<group>"; };
		7B0FC83FE801092BA3A43D70 /* Pods-mvvm-project.debug (production).xcconfig */ = {isa = PBXFileReference; includeInIndex = 1; lastKnownFileType = text.xcconfig; name = "Pods-mvvm-project.debug (production).xcconfig"; path = "Target Support Files/Pods-mvvm-project/Pods-mvvm-project.debug (production).xcconfig"; sourceTree = "<group>"; };
		85CABE26A8DC2B07CF2020B7 /* Pods_mvvm_projectTests.framework */ = {isa = PBXFileReference; explicitFileType = wrapper.framework; includeInIndex = 0; path = Pods_mvvm_projectTests.framework; sourceTree = BUILT_PRODUCTS_DIR; };
		950F2154276E005200EAD340 /* Photo.swift */ = {isa = PBXFileReference; lastKnownFileType = sourcecode.swift; path = Photo.swift; sourceTree = "<group>"; };
		950F2161276E083700EAD340 /* TabBarCoordinator.swift */ = {isa = PBXFileReference; lastKnownFileType = sourcecode.swift; path = TabBarCoordinator.swift; sourceTree = "<group>"; };
		951A21B427687CE700F3B33A /* ResponseDecoder.swift */ = {isa = PBXFileReference; lastKnownFileType = sourcecode.swift; path = ResponseDecoder.swift; sourceTree = "<group>"; };
		951A21B627687D0600F3B33A /* CodableDecoder.swift */ = {isa = PBXFileReference; lastKnownFileType = sourcecode.swift; path = CodableDecoder.swift; sourceTree = "<group>"; };
		95220A532766853C00A2C78A /* NetworkError.swift */ = {isa = PBXFileReference; lastKnownFileType = sourcecode.swift; path = NetworkError.swift; sourceTree = "<group>"; };
		95220A552766856D00A2C78A /* NetworkEnvironment.swift */ = {isa = PBXFileReference; lastKnownFileType = sourcecode.swift; path = NetworkEnvironment.swift; sourceTree = "<group>"; };
		95220A5827668A6B00A2C78A /* Reachability.swift */ = {isa = PBXFileReference; lastKnownFileType = sourcecode.swift; path = Reachability.swift; sourceTree = "<group>"; };
		95220A6B2766B9E300A2C78A /* Development.xcconfig */ = {isa = PBXFileReference; lastKnownFileType = text.xcconfig; path = Development.xcconfig; sourceTree = "<group>"; };
		95220A6C2766B9EF00A2C78A /* Staging.xcconfig */ = {isa = PBXFileReference; lastKnownFileType = text.xcconfig; path = Staging.xcconfig; sourceTree = "<group>"; };
		95220A6D2766B9FF00A2C78A /* Production.xcconfig */ = {isa = PBXFileReference; lastKnownFileType = text.xcconfig; path = Production.xcconfig; sourceTree = "<group>"; };
		95A253E1276506400049D1FB /* mvvm-project.app */ = {isa = PBXFileReference; explicitFileType = wrapper.application; includeInIndex = 0; path = "mvvm-project.app"; sourceTree = BUILT_PRODUCTS_DIR; };
		95A253E4276506400049D1FB /* AppDelegate.swift */ = {isa = PBXFileReference; lastKnownFileType = sourcecode.swift; path = AppDelegate.swift; sourceTree = "<group>"; };
		95A253E6276506400049D1FB /* SceneDelegate.swift */ = {isa = PBXFileReference; lastKnownFileType = sourcecode.swift; path = SceneDelegate.swift; sourceTree = "<group>"; };
		95A253ED276506420049D1FB /* Assets.xcassets */ = {isa = PBXFileReference; lastKnownFileType = folder.assetcatalog; path = Assets.xcassets; sourceTree = "<group>"; };
		95A253F0276506420049D1FB /* Base */ = {isa = PBXFileReference; lastKnownFileType = file.storyboard; name = Base; path = Base.lproj/LaunchScreen.storyboard; sourceTree = "<group>"; };
		95A253F2276506420049D1FB /* Info.plist */ = {isa = PBXFileReference; lastKnownFileType = text.plist.xml; path = Info.plist; sourceTree = "<group>"; };
		95A253F7276506430049D1FB /* mvvm-projectTests.xctest */ = {isa = PBXFileReference; explicitFileType = wrapper.cfbundle; includeInIndex = 0; path = "mvvm-projectTests.xctest"; sourceTree = BUILT_PRODUCTS_DIR; };
		95A253FB276506430049D1FB /* mvvm_projectTests.swift */ = {isa = PBXFileReference; lastKnownFileType = sourcecode.swift; path = mvvm_projectTests.swift; sourceTree = "<group>"; };
		95A25401276506430049D1FB /* mvvm-projectUITests.xctest */ = {isa = PBXFileReference; explicitFileType = wrapper.cfbundle; includeInIndex = 0; path = "mvvm-projectUITests.xctest"; sourceTree = BUILT_PRODUCTS_DIR; };
		95A25405276506430049D1FB /* mvvm_projectUITests.swift */ = {isa = PBXFileReference; lastKnownFileType = sourcecode.swift; path = mvvm_projectUITests.swift; sourceTree = "<group>"; };
		95A25407276506430049D1FB /* mvvm_projectUITestsLaunchTests.swift */ = {isa = PBXFileReference; lastKnownFileType = sourcecode.swift; path = mvvm_projectUITestsLaunchTests.swift; sourceTree = "<group>"; };
		95A2542A2766411D0049D1FB /* NetworkRouter.swift */ = {isa = PBXFileReference; lastKnownFileType = sourcecode.swift; path = NetworkRouter.swift; sourceTree = "<group>"; };
		95A2542C2766415D0049D1FB /* EndPointType.swift */ = {isa = PBXFileReference; lastKnownFileType = sourcecode.swift; path = EndPointType.swift; sourceTree = "<group>"; };
		95A25431276657A60049D1FB /* ParameterEncoder.swift */ = {isa = PBXFileReference; lastKnownFileType = sourcecode.swift; path = ParameterEncoder.swift; sourceTree = "<group>"; };
		95A25433276657EE0049D1FB /* HTTPMethod.swift */ = {isa = PBXFileReference; lastKnownFileType = sourcecode.swift; path = HTTPMethod.swift; sourceTree = "<group>"; };
		95A25435276658840049D1FB /* URLParameterEncoder.swift */ = {isa = PBXFileReference; lastKnownFileType = sourcecode.swift; path = URLParameterEncoder.swift; sourceTree = "<group>"; };
		95A25437276658900049D1FB /* JSONParameterEncoder.swift */ = {isa = PBXFileReference; lastKnownFileType = sourcecode.swift; path = JSONParameterEncoder.swift; sourceTree = "<group>"; };
		95B4AE4627696E03006F07AD /* MappableDecoder.swift */ = {isa = PBXFileReference; lastKnownFileType = sourcecode.swift; path = MappableDecoder.swift; sourceTree = "<group>"; };
		95B5029A2770DD1800E1ABC4 /* Router.swift */ = {isa = PBXFileReference; lastKnownFileType = sourcecode.swift; path = Router.swift; sourceTree = "<group>"; };
		95B5029D2770DE3200E1ABC4 /* PhotoListRouter.swift */ = {isa = PBXFileReference; lastKnownFileType = sourcecode.swift; path = PhotoListRouter.swift; sourceTree = "<group>"; };
		95F509F6276E1796000ABDF5 /* TabBarController.swift */ = {isa = PBXFileReference; lastKnownFileType = sourcecode.swift; path = TabBarController.swift; sourceTree = "<group>"; };
		95F509FC276E1D61000ABDF5 /* Main.storyboard */ = {isa = PBXFileReference; lastKnownFileType = file.storyboard; path = Main.storyboard; sourceTree = "<group>"; };
		95F50A04276F1757000ABDF5 /* PhotoTableViewCell.swift */ = {isa = PBXFileReference; lastKnownFileType = sourcecode.swift; path = PhotoTableViewCell.swift; sourceTree = "<group>"; };
		95F50A05276F1757000ABDF5 /* PhotoTableViewCell.xib */ = {isa = PBXFileReference; lastKnownFileType = file.xib; path = PhotoTableViewCell.xib; sourceTree = "<group>"; };
		95F50A09276F1780000ABDF5 /* PhotoTableViewCellViewModel.swift */ = {isa = PBXFileReference; lastKnownFileType = sourcecode.swift; path = PhotoTableViewCellViewModel.swift; sourceTree = "<group>"; };
		95F50A0C276F2F19000ABDF5 /* PhotoListMVCTableViewController.swift */ = {isa = PBXFileReference; lastKnownFileType = sourcecode.swift; path = PhotoListMVCTableViewController.swift; sourceTree = "<group>"; };
		95F50A10276F392E000ABDF5 /* ListPhotoEndPoint.swift */ = {isa = PBXFileReference; lastKnownFileType = sourcecode.swift; path = ListPhotoEndPoint.swift; sourceTree = "<group>"; };
		95F50A12276F3952000ABDF5 /* ListPhotoAPIManager.swift */ = {isa = PBXFileReference; lastKnownFileType = sourcecode.swift; path = ListPhotoAPIManager.swift; sourceTree = "<group>"; };
		95F50A17276F4D2B000ABDF5 /* UITableViewExtension.swift */ = {isa = PBXFileReference; lastKnownFileType = sourcecode.swift; path = UITableViewExtension.swift; sourceTree = "<group>"; };
		95F50A1C276F6A1E000ABDF5 /* PhotoDetailViewController.swift */ = {isa = PBXFileReference; lastKnownFileType = sourcecode.swift; path = PhotoDetailViewController.swift; sourceTree = "<group>"; };
		95F50A1D276F6A1E000ABDF5 /* PhotoDetailViewController.xib */ = {isa = PBXFileReference; lastKnownFileType = file.xib; path = PhotoDetailViewController.xib; sourceTree = "<group>"; };
		95F50A22276F6BEE000ABDF5 /* PhotoListViewModel.swift */ = {isa = PBXFileReference; lastKnownFileType = sourcecode.swift; path = PhotoListViewModel.swift; sourceTree = "<group>"; };
		95F50A24276F6C0C000ABDF5 /* PhotoListViewController.swift */ = {isa = PBXFileReference; lastKnownFileType = sourcecode.swift; path = PhotoListViewController.swift; sourceTree = "<group>"; };
		9B15CE487D39CB6C2FE11BEC /* Pods-mvvm-project.debug (staging).xcconfig */ = {isa = PBXFileReference; includeInIndex = 1; lastKnownFileType = text.xcconfig; name = "Pods-mvvm-project.debug (staging).xcconfig"; path = "Target Support Files/Pods-mvvm-project/Pods-mvvm-project.debug (staging).xcconfig"; sourceTree = "<group>"; };
		A91DC76B43BC960D3505CDE3 /* Pods-mvvm-projectTests.release (development).xcconfig */ = {isa = PBXFileReference; includeInIndex = 1; lastKnownFileType = text.xcconfig; name = "Pods-mvvm-projectTests.release (development).xcconfig"; path = "Target Support Files/Pods-mvvm-projectTests/Pods-mvvm-projectTests.release (development).xcconfig"; sourceTree = "<group>"; };
		A9AA68343238AD1E2968D465 /* Pods-mvvm-project.debug (development).xcconfig */ = {isa = PBXFileReference; includeInIndex = 1; lastKnownFileType = text.xcconfig; name = "Pods-mvvm-project.debug (development).xcconfig"; path = "Target Support Files/Pods-mvvm-project/Pods-mvvm-project.debug (development).xcconfig"; sourceTree = "<group>"; };
		C05666B97F6093D5C2F398DF /* Pods-mvvm-project-mvvm-projectUITests.release (production).xcconfig */ = {isa = PBXFileReference; includeInIndex = 1; lastKnownFileType = text.xcconfig; name = "Pods-mvvm-project-mvvm-projectUITests.release (production).xcconfig"; path = "Target Support Files/Pods-mvvm-project-mvvm-projectUITests/Pods-mvvm-project-mvvm-projectUITests.release (production).xcconfig"; sourceTree = "<group>"; };
		D09721E456E6F6D8BA0A500A /* Pods-mvvm-projectTests.release (production).xcconfig */ = {isa = PBXFileReference; includeInIndex = 1; lastKnownFileType = text.xcconfig; name = "Pods-mvvm-projectTests.release (production).xcconfig"; path = "Target Support Files/Pods-mvvm-projectTests/Pods-mvvm-projectTests.release (production).xcconfig"; sourceTree = "<group>"; };
		D3A6559B27362B45E990EB6E /* Pods-mvvm-projectTests.debug (production).xcconfig */ = {isa = PBXFileReference; includeInIndex = 1; lastKnownFileType = text.xcconfig; name = "Pods-mvvm-projectTests.debug (production).xcconfig"; path = "Target Support Files/Pods-mvvm-projectTests/Pods-mvvm-projectTests.debug (production).xcconfig"; sourceTree = "<group>"; };
		D60411C8CE5D6E0F67AEFD4C /* Pods-mvvm-project.release (staging).xcconfig */ = {isa = PBXFileReference; includeInIndex = 1; lastKnownFileType = text.xcconfig; name = "Pods-mvvm-project.release (staging).xcconfig"; path = "Target Support Files/Pods-mvvm-project/Pods-mvvm-project.release (staging).xcconfig"; sourceTree = "<group>"; };
		DFD3BBD6954E2B4C384980BC /* Pods-mvvm-project-mvvm-projectUITests.release (development).xcconfig */ = {isa = PBXFileReference; includeInIndex = 1; lastKnownFileType = text.xcconfig; name = "Pods-mvvm-project-mvvm-projectUITests.release (development).xcconfig"; path = "Target Support Files/Pods-mvvm-project-mvvm-projectUITests/Pods-mvvm-project-mvvm-projectUITests.release (development).xcconfig"; sourceTree = "<group>"; };
		E47D1C270A3123340281D084 /* Pods-mvvm-project-mvvm-projectUITests.debug (staging).xcconfig */ = {isa = PBXFileReference; includeInIndex = 1; lastKnownFileType = text.xcconfig; name = "Pods-mvvm-project-mvvm-projectUITests.debug (staging).xcconfig"; path = "Target Support Files/Pods-mvvm-project-mvvm-projectUITests/Pods-mvvm-project-mvvm-projectUITests.debug (staging).xcconfig"; sourceTree = "<group>"; };
/* End PBXFileReference section */

/* Begin PBXFrameworksBuildPhase section */
		95A253DE276506400049D1FB /* Frameworks */ = {
			isa = PBXFrameworksBuildPhase;
			buildActionMask = 2147483647;
			files = (
				D1BC1F67697123DA2DB4D722 /* Pods_mvvm_project.framework in Frameworks */,
			);
			runOnlyForDeploymentPostprocessing = 0;
		};
		95A253F4276506430049D1FB /* Frameworks */ = {
			isa = PBXFrameworksBuildPhase;
			buildActionMask = 2147483647;
			files = (
				07C0709C5DB381F6C8A780B7 /* Pods_mvvm_projectTests.framework in Frameworks */,
			);
			runOnlyForDeploymentPostprocessing = 0;
		};
		95A253FE276506430049D1FB /* Frameworks */ = {
			isa = PBXFrameworksBuildPhase;
			buildActionMask = 2147483647;
			files = (
				80F1458199DEA97058BDF776 /* Pods_mvvm_project_mvvm_projectUITests.framework in Frameworks */,
			);
			runOnlyForDeploymentPostprocessing = 0;
		};
/* End PBXFrameworksBuildPhase section */

/* Begin PBXGroup section */
		6BAFC7485845BF2438354A63 /* Frameworks */ = {
			isa = PBXGroup;
			children = (
				53EB50FCBAFD47CF3E99E14D /* Pods_mvvm_project.framework */,
				5961FFA5039B511C89CCDD86 /* Pods_mvvm_project_mvvm_projectUITests.framework */,
				85CABE26A8DC2B07CF2020B7 /* Pods_mvvm_projectTests.framework */,
			);
			name = Frameworks;
			sourceTree = "<group>";
		};
		9253A848F25409CFD375BACC /* Pods */ = {
			isa = PBXGroup;
			children = (
				7B0FC83FE801092BA3A43D70 /* Pods-mvvm-project.debug (production).xcconfig */,
				A9AA68343238AD1E2968D465 /* Pods-mvvm-project.debug (development).xcconfig */,
				9B15CE487D39CB6C2FE11BEC /* Pods-mvvm-project.debug (staging).xcconfig */,
				220AB8323498087FC687BF4B /* Pods-mvvm-project.release (production).xcconfig */,
				685A36C96B794A7A3053B43B /* Pods-mvvm-project.release (development).xcconfig */,
				D60411C8CE5D6E0F67AEFD4C /* Pods-mvvm-project.release (staging).xcconfig */,
				4064DE64DA708877912A847A /* Pods-mvvm-project-mvvm-projectUITests.debug (production).xcconfig */,
				1008EDC2E063387955695E65 /* Pods-mvvm-project-mvvm-projectUITests.debug (development).xcconfig */,
				E47D1C270A3123340281D084 /* Pods-mvvm-project-mvvm-projectUITests.debug (staging).xcconfig */,
				C05666B97F6093D5C2F398DF /* Pods-mvvm-project-mvvm-projectUITests.release (production).xcconfig */,
				DFD3BBD6954E2B4C384980BC /* Pods-mvvm-project-mvvm-projectUITests.release (development).xcconfig */,
				5070E8C15747871402DD3CE5 /* Pods-mvvm-project-mvvm-projectUITests.release (staging).xcconfig */,
				D3A6559B27362B45E990EB6E /* Pods-mvvm-projectTests.debug (production).xcconfig */,
				21B97AC52BCC6088D0FF7CE0 /* Pods-mvvm-projectTests.debug (development).xcconfig */,
				5B468684C21A4EF19BA06170 /* Pods-mvvm-projectTests.debug (staging).xcconfig */,
				D09721E456E6F6D8BA0A500A /* Pods-mvvm-projectTests.release (production).xcconfig */,
				A91DC76B43BC960D3505CDE3 /* Pods-mvvm-projectTests.release (development).xcconfig */,
				22C85CFA988DEDCFE853A06D /* Pods-mvvm-projectTests.release (staging).xcconfig */,
			);
			path = Pods;
			sourceTree = "<group>";
		};
		950F2156276E00E900EAD340 /* PhotosList MVC */ = {
			isa = PBXGroup;
			children = (
				95F50A0B276F2EF1000ABDF5 /* ViewController */,
			);
			path = "PhotosList MVC";
			sourceTree = "<group>";
		};
		950F2158276E030C00EAD340 /* PhotosList */ = {
			isa = PBXGroup;
			children = (
				95F50A02276F156D000ABDF5 /* Cells */,
				950F2156276E00E900EAD340 /* PhotosList MVC */,
				950F2159276E032C00EAD340 /* PhotosList MVVM */,
			);
			path = PhotosList;
			sourceTree = "<group>";
		};
		950F2159276E032C00EAD340 /* PhotosList MVVM */ = {
			isa = PBXGroup;
			children = (
				95B5029C2770DE2500E1ABC4 /* Router */,
				95F50A21276F6BC5000ABDF5 /* ViewController */,
				95F50A20276F6BBE000ABDF5 /* ViewModel  */,
			);
			path = "PhotosList MVVM";
			sourceTree = "<group>";
		};
		950F215A276E041700EAD340 /* TabBar */ = {
			isa = PBXGroup;
			children = (
				95F509FB276E17A2000ABDF5 /* Coordinator */,
			);
			path = TabBar;
			sourceTree = "<group>";
		};
		950F215B276E054C00EAD340 /* SupportingFiles */ = {
			isa = PBXGroup;
			children = (
				95A253F2276506420049D1FB /* Info.plist */,
			);
			path = SupportingFiles;
			sourceTree = "<group>";
		};
		950F215C276E055800EAD340 /* ApplicationDelegate */ = {
			isa = PBXGroup;
			children = (
				95A253E4276506400049D1FB /* AppDelegate.swift */,
				95A253E6276506400049D1FB /* SceneDelegate.swift */,
			);
			path = ApplicationDelegate;
			sourceTree = "<group>";
		};
		950F215D276E058500EAD340 /* Storyboards */ = {
			isa = PBXGroup;
			children = (
				95A253EF276506420049D1FB /* LaunchScreen.storyboard */,
				95F509FC276E1D61000ABDF5 /* Main.storyboard */,
			);
			path = Storyboards;
			sourceTree = "<group>";
		};
		951A21B327687CA900F3B33A /* Decoding */ = {
			isa = PBXGroup;
			children = (
				951A21B427687CE700F3B33A /* ResponseDecoder.swift */,
				951A21B627687D0600F3B33A /* CodableDecoder.swift */,
				95B4AE4627696E03006F07AD /* MappableDecoder.swift */,
			);
			path = Decoding;
			sourceTree = "<group>";
		};
		95220A57276685A000A2C78A /* Network Environments */ = {
			isa = PBXGroup;
			children = (
				95220A6A2766B9CE00A2C78A /* Configurations */,
				95220A552766856D00A2C78A /* NetworkEnvironment.swift */,
			);
			path = "Network Environments";
			sourceTree = "<group>";
		};
		95220A6A2766B9CE00A2C78A /* Configurations */ = {
			isa = PBXGroup;
			children = (
				95220A6B2766B9E300A2C78A /* Development.xcconfig */,
				95220A6C2766B9EF00A2C78A /* Staging.xcconfig */,
				95220A6D2766B9FF00A2C78A /* Production.xcconfig */,
			);
			path = Configurations;
			sourceTree = "<group>";
		};
		95A253D8276506400049D1FB = {
			isa = PBXGroup;
			children = (
				95A253E3276506400049D1FB /* mvvm-project */,
				95A253FA276506430049D1FB /* mvvm-projectTests */,
				95A25404276506430049D1FB /* mvvm-projectUITests */,
				95A253E2276506400049D1FB /* Products */,
				9253A848F25409CFD375BACC /* Pods */,
				6BAFC7485845BF2438354A63 /* Frameworks */,
			);
			sourceTree = "<group>";
		};
		95A253E2276506400049D1FB /* Products */ = {
			isa = PBXGroup;
			children = (
				95A253E1276506400049D1FB /* mvvm-project.app */,
				95A253F7276506430049D1FB /* mvvm-projectTests.xctest */,
				95A25401276506430049D1FB /* mvvm-projectUITests.xctest */,
			);
			name = Products;
			sourceTree = "<group>";
		};
		95A253E3276506400049D1FB /* mvvm-project */ = {
			isa = PBXGroup;
			children = (
				950F215C276E055800EAD340 /* ApplicationDelegate */,
				950F215B276E054C00EAD340 /* SupportingFiles */,
				95A25417276506790049D1FB /* Resources */,
				95F509FE276E9C41000ABDF5 /* Helpers */,
				95F50A14276F489F000ABDF5 /* Extensions */,
				950F215D276E058500EAD340 /* Storyboards */,
				95A25422276509F30049D1FB /* Models */,
				95A254142765064F0049D1FB /* NetworkingLayer */,
				95A25418276506900049D1FB /* PresentationLayer */,
			);
			path = "mvvm-project";
			sourceTree = "<group>";
		};
		95A253FA276506430049D1FB /* mvvm-projectTests */ = {
			isa = PBXGroup;
			children = (
				95A253FB276506430049D1FB /* mvvm_projectTests.swift */,
			);
			path = "mvvm-projectTests";
			sourceTree = "<group>";
		};
		95A25404276506430049D1FB /* mvvm-projectUITests */ = {
			isa = PBXGroup;
			children = (
				95A25405276506430049D1FB /* mvvm_projectUITests.swift */,
				95A25407276506430049D1FB /* mvvm_projectUITestsLaunchTests.swift */,
			);
			path = "mvvm-projectUITests";
			sourceTree = "<group>";
		};
		95A254142765064F0049D1FB /* NetworkingLayer */ = {
			isa = PBXGroup;
			children = (
				95A25415276506600049D1FB /* Client */,
				95A25416276506690049D1FB /* API Managers */,
			);
			path = NetworkingLayer;
			sourceTree = "<group>";
		};
		95A25415276506600049D1FB /* Client */ = {
			isa = PBXGroup;
			children = (
				95A2542C2766415D0049D1FB /* EndPointType.swift */,
				95A25433276657EE0049D1FB /* HTTPMethod.swift */,
				95220A532766853C00A2C78A /* NetworkError.swift */,
				95220A5827668A6B00A2C78A /* Reachability.swift */,
				95A2542A2766411D0049D1FB /* NetworkRouter.swift */,
				95220A57276685A000A2C78A /* Network Environments */,
				95A25430276657880049D1FB /* Encoding */,
				951A21B327687CA900F3B33A /* Decoding */,
			);
			path = Client;
			sourceTree = "<group>";
		};
		95A25416276506690049D1FB /* API Managers */ = {
			isa = PBXGroup;
			children = (
				95F50A0E276F38D3000ABDF5 /* Photos */,
			);
			path = "API Managers";
			sourceTree = "<group>";
		};
		95A25417276506790049D1FB /* Resources */ = {
			isa = PBXGroup;
			children = (
				95A253ED276506420049D1FB /* Assets.xcassets */,
			);
			path = Resources;
			sourceTree = "<group>";
		};
		95A25418276506900049D1FB /* PresentationLayer */ = {
			isa = PBXGroup;
			children = (
				950F215A276E041700EAD340 /* TabBar */,
				950F2158276E030C00EAD340 /* PhotosList */,
				95F50A19276F65F0000ABDF5 /* PhotoDetails */,
			);
			path = PresentationLayer;
			sourceTree = "<group>";
		};
		95A25422276509F30049D1FB /* Models */ = {
			isa = PBXGroup;
			children = (
				950F2154276E005200EAD340 /* Photo.swift */,
			);
			path = Models;
			sourceTree = "<group>";
		};
		95A25430276657880049D1FB /* Encoding */ = {
			isa = PBXGroup;
			children = (
				95A25431276657A60049D1FB /* ParameterEncoder.swift */,
				95A25435276658840049D1FB /* URLParameterEncoder.swift */,
				95A25437276658900049D1FB /* JSONParameterEncoder.swift */,
			);
			path = Encoding;
			sourceTree = "<group>";
		};
		95B5029C2770DE2500E1ABC4 /* Router */ = {
			isa = PBXGroup;
			children = (
				95B5029D2770DE3200E1ABC4 /* PhotoListRouter.swift */,
			);
			path = Router;
			sourceTree = "<group>";
		};
		95F509FB276E17A2000ABDF5 /* Coordinator */ = {
			isa = PBXGroup;
			children = (
				95F509F6276E1796000ABDF5 /* TabBarController.swift */,
				950F2161276E083700EAD340 /* TabBarCoordinator.swift */,
			);
			path = Coordinator;
			sourceTree = "<group>";
		};
		95F509FE276E9C41000ABDF5 /* Helpers */ = {
			isa = PBXGroup;
			children = (
				95B5029A2770DD1800E1ABC4 /* Router.swift */,
			);
			path = Helpers;
			sourceTree = "<group>";
		};
		95F50A02276F156D000ABDF5 /* Cells */ = {
			isa = PBXGroup;
			children = (
				95F50A03276F1588000ABDF5 /* Image Cell */,
			);
			path = Cells;
			sourceTree = "<group>";
		};
		95F50A03276F1588000ABDF5 /* Image Cell */ = {
			isa = PBXGroup;
			children = (
				95F50A08276F175C000ABDF5 /* ViewModel */,
				95F50A04276F1757000ABDF5 /* PhotoTableViewCell.swift */,
				95F50A05276F1757000ABDF5 /* PhotoTableViewCell.xib */,
			);
			path = "Image Cell";
			sourceTree = "<group>";
		};
		95F50A08276F175C000ABDF5 /* ViewModel */ = {
			isa = PBXGroup;
			children = (
				95F50A09276F1780000ABDF5 /* PhotoTableViewCellViewModel.swift */,
			);
			path = ViewModel;
			sourceTree = "<group>";
		};
		95F50A0B276F2EF1000ABDF5 /* ViewController */ = {
			isa = PBXGroup;
			children = (
				95F50A0C276F2F19000ABDF5 /* PhotoListMVCTableViewController.swift */,
			);
			path = ViewController;
			sourceTree = "<group>";
		};
		95F50A0E276F38D3000ABDF5 /* Photos */ = {
			isa = PBXGroup;
			children = (
				95F50A0F276F38D8000ABDF5 /* List */,
			);
			path = Photos;
			sourceTree = "<group>";
		};
		95F50A0F276F38D8000ABDF5 /* List */ = {
			isa = PBXGroup;
			children = (
				95F50A10276F392E000ABDF5 /* ListPhotoEndPoint.swift */,
				95F50A12276F3952000ABDF5 /* ListPhotoAPIManager.swift */,
			);
			path = List;
			sourceTree = "<group>";
		};
		95F50A14276F489F000ABDF5 /* Extensions */ = {
			isa = PBXGroup;
			children = (
				95F50A17276F4D2B000ABDF5 /* UITableViewExtension.swift */,
			);
			path = Extensions;
			sourceTree = "<group>";
		};
		95F50A19276F65F0000ABDF5 /* PhotoDetails */ = {
			isa = PBXGroup;
			children = (
				95F50A1C276F6A1E000ABDF5 /* PhotoDetailViewController.swift */,
				95F50A1D276F6A1E000ABDF5 /* PhotoDetailViewController.xib */,
			);
			path = PhotoDetails;
			sourceTree = "<group>";
		};
		95F50A20276F6BBE000ABDF5 /* ViewModel  */ = {
			isa = PBXGroup;
			children = (
				95F50A22276F6BEE000ABDF5 /* PhotoListViewModel.swift */,
			);
			path = "ViewModel ";
			sourceTree = "<group>";
		};
		95F50A21276F6BC5000ABDF5 /* ViewController */ = {
			isa = PBXGroup;
			children = (
				95F50A24276F6C0C000ABDF5 /* PhotoListViewController.swift */,
			);
			path = ViewController;
			sourceTree = "<group>";
		};
/* End PBXGroup section */

/* Begin PBXNativeTarget section */
		95A253E0276506400049D1FB /* mvvm-project */ = {
			isa = PBXNativeTarget;
			buildConfigurationList = 95A2540B276506430049D1FB /* Build configuration list for PBXNativeTarget "mvvm-project" */;
			buildPhases = (
				D84FFA41A26C236BC44DF1EC /* [CP] Check Pods Manifest.lock */,
				95A253DD276506400049D1FB /* Sources */,
				95A253DE276506400049D1FB /* Frameworks */,
				95A253DF276506400049D1FB /* Resources */,
				33A5EDC4CA5272769AE8E37E /* [CP] Embed Pods Frameworks */,
			);
			buildRules = (
			);
			dependencies = (
			);
			name = "mvvm-project";
			productName = "mvvm-project";
			productReference = 95A253E1276506400049D1FB /* mvvm-project.app */;
			productType = "com.apple.product-type.application";
		};
		95A253F6276506430049D1FB /* mvvm-projectTests */ = {
			isa = PBXNativeTarget;
			buildConfigurationList = 95A2540E276506430049D1FB /* Build configuration list for PBXNativeTarget "mvvm-projectTests" */;
			buildPhases = (
				355BA7FFF0604F3C2A40CC89 /* [CP] Check Pods Manifest.lock */,
				95A253F3276506430049D1FB /* Sources */,
				95A253F4276506430049D1FB /* Frameworks */,
				95A253F5276506430049D1FB /* Resources */,
			);
			buildRules = (
			);
			dependencies = (
				95A253F9276506430049D1FB /* PBXTargetDependency */,
			);
			name = "mvvm-projectTests";
			productName = "mvvm-projectTests";
			productReference = 95A253F7276506430049D1FB /* mvvm-projectTests.xctest */;
			productType = "com.apple.product-type.bundle.unit-test";
		};
		95A25400276506430049D1FB /* mvvm-projectUITests */ = {
			isa = PBXNativeTarget;
			buildConfigurationList = 95A25411276506430049D1FB /* Build configuration list for PBXNativeTarget "mvvm-projectUITests" */;
			buildPhases = (
				84B9615CB16A60ED5E304E9C /* [CP] Check Pods Manifest.lock */,
				95A253FD276506430049D1FB /* Sources */,
				95A253FE276506430049D1FB /* Frameworks */,
				95A253FF276506430049D1FB /* Resources */,
				7ABF37C26F793D27E3021660 /* [CP] Embed Pods Frameworks */,
			);
			buildRules = (
			);
			dependencies = (
				95A25403276506430049D1FB /* PBXTargetDependency */,
			);
			name = "mvvm-projectUITests";
			productName = "mvvm-projectUITests";
			productReference = 95A25401276506430049D1FB /* mvvm-projectUITests.xctest */;
			productType = "com.apple.product-type.bundle.ui-testing";
		};
/* End PBXNativeTarget section */

/* Begin PBXProject section */
		95A253D9276506400049D1FB /* Project object */ = {
			isa = PBXProject;
			attributes = {
				BuildIndependentTargetsInParallel = 1;
				LastSwiftUpdateCheck = 1310;
				LastUpgradeCheck = 1310;
				TargetAttributes = {
					95A253E0276506400049D1FB = {
						CreatedOnToolsVersion = 13.1;
					};
					95A253F6276506430049D1FB = {
						CreatedOnToolsVersion = 13.1;
						TestTargetID = 95A253E0276506400049D1FB;
					};
					95A25400276506430049D1FB = {
						CreatedOnToolsVersion = 13.1;
						TestTargetID = 95A253E0276506400049D1FB;
					};
				};
			};
			buildConfigurationList = 95A253DC276506400049D1FB /* Build configuration list for PBXProject "mvvm-project" */;
			compatibilityVersion = "Xcode 13.0";
			developmentRegion = en;
			hasScannedForEncodings = 0;
			knownRegions = (
				en,
				Base,
			);
			mainGroup = 95A253D8276506400049D1FB;
			productRefGroup = 95A253E2276506400049D1FB /* Products */;
			projectDirPath = "";
			projectRoot = "";
			targets = (
				95A253E0276506400049D1FB /* mvvm-project */,
				95A253F6276506430049D1FB /* mvvm-projectTests */,
				95A25400276506430049D1FB /* mvvm-projectUITests */,
			);
		};
/* End PBXProject section */

/* Begin PBXResourcesBuildPhase section */
		95A253DF276506400049D1FB /* Resources */ = {
			isa = PBXResourcesBuildPhase;
			buildActionMask = 2147483647;
			files = (
				95F50A1F276F6A1E000ABDF5 /* PhotoDetailViewController.xib in Resources */,
				95F50A07276F1757000ABDF5 /* PhotoTableViewCell.xib in Resources */,
				95A253F1276506420049D1FB /* LaunchScreen.storyboard in Resources */,
				95A253EE276506420049D1FB /* Assets.xcassets in Resources */,
				95F509FD276E1D61000ABDF5 /* Main.storyboard in Resources */,
			);
			runOnlyForDeploymentPostprocessing = 0;
		};
		95A253F5276506430049D1FB /* Resources */ = {
			isa = PBXResourcesBuildPhase;
			buildActionMask = 2147483647;
			files = (
			);
			runOnlyForDeploymentPostprocessing = 0;
		};
		95A253FF276506430049D1FB /* Resources */ = {
			isa = PBXResourcesBuildPhase;
			buildActionMask = 2147483647;
			files = (
			);
			runOnlyForDeploymentPostprocessing = 0;
		};
/* End PBXResourcesBuildPhase section */

/* Begin PBXShellScriptBuildPhase section */
		33A5EDC4CA5272769AE8E37E /* [CP] Embed Pods Frameworks */ = {
			isa = PBXShellScriptBuildPhase;
			buildActionMask = 2147483647;
			files = (
			);
			inputFileListPaths = (
				"${PODS_ROOT}/Target Support Files/Pods-mvvm-project/Pods-mvvm-project-frameworks-${CONFIGURATION}-input-files.xcfilelist",
			);
			name = "[CP] Embed Pods Frameworks";
			outputFileListPaths = (
				"${PODS_ROOT}/Target Support Files/Pods-mvvm-project/Pods-mvvm-project-frameworks-${CONFIGURATION}-output-files.xcfilelist",
			);
			runOnlyForDeploymentPostprocessing = 0;
			shellPath = /bin/sh;
			shellScript = "\"${PODS_ROOT}/Target Support Files/Pods-mvvm-project/Pods-mvvm-project-frameworks.sh\"\n";
			showEnvVarsInLog = 0;
		};
		355BA7FFF0604F3C2A40CC89 /* [CP] Check Pods Manifest.lock */ = {
			isa = PBXShellScriptBuildPhase;
			buildActionMask = 2147483647;
			files = (
			);
			inputFileListPaths = (
			);
			inputPaths = (
				"${PODS_PODFILE_DIR_PATH}/Podfile.lock",
				"${PODS_ROOT}/Manifest.lock",
			);
			name = "[CP] Check Pods Manifest.lock";
			outputFileListPaths = (
			);
			outputPaths = (
				"$(DERIVED_FILE_DIR)/Pods-mvvm-projectTests-checkManifestLockResult.txt",
			);
			runOnlyForDeploymentPostprocessing = 0;
			shellPath = /bin/sh;
			shellScript = "diff \"${PODS_PODFILE_DIR_PATH}/Podfile.lock\" \"${PODS_ROOT}/Manifest.lock\" > /dev/null\nif [ $? != 0 ] ; then\n    # print error to STDERR\n    echo \"error: The sandbox is not in sync with the Podfile.lock. Run 'pod install' or update your CocoaPods installation.\" >&2\n    exit 1\nfi\n# This output is used by Xcode 'outputs' to avoid re-running this script phase.\necho \"SUCCESS\" > \"${SCRIPT_OUTPUT_FILE_0}\"\n";
			showEnvVarsInLog = 0;
		};
		7ABF37C26F793D27E3021660 /* [CP] Embed Pods Frameworks */ = {
			isa = PBXShellScriptBuildPhase;
			buildActionMask = 2147483647;
			files = (
			);
			inputFileListPaths = (
				"${PODS_ROOT}/Target Support Files/Pods-mvvm-project-mvvm-projectUITests/Pods-mvvm-project-mvvm-projectUITests-frameworks-${CONFIGURATION}-input-files.xcfilelist",
			);
			name = "[CP] Embed Pods Frameworks";
			outputFileListPaths = (
				"${PODS_ROOT}/Target Support Files/Pods-mvvm-project-mvvm-projectUITests/Pods-mvvm-project-mvvm-projectUITests-frameworks-${CONFIGURATION}-output-files.xcfilelist",
			);
			runOnlyForDeploymentPostprocessing = 0;
			shellPath = /bin/sh;
			shellScript = "\"${PODS_ROOT}/Target Support Files/Pods-mvvm-project-mvvm-projectUITests/Pods-mvvm-project-mvvm-projectUITests-frameworks.sh\"\n";
			showEnvVarsInLog = 0;
		};
		84B9615CB16A60ED5E304E9C /* [CP] Check Pods Manifest.lock */ = {
			isa = PBXShellScriptBuildPhase;
			buildActionMask = 2147483647;
			files = (
			);
			inputFileListPaths = (
			);
			inputPaths = (
				"${PODS_PODFILE_DIR_PATH}/Podfile.lock",
				"${PODS_ROOT}/Manifest.lock",
			);
			name = "[CP] Check Pods Manifest.lock";
			outputFileListPaths = (
			);
			outputPaths = (
				"$(DERIVED_FILE_DIR)/Pods-mvvm-project-mvvm-projectUITests-checkManifestLockResult.txt",
			);
			runOnlyForDeploymentPostprocessing = 0;
			shellPath = /bin/sh;
			shellScript = "diff \"${PODS_PODFILE_DIR_PATH}/Podfile.lock\" \"${PODS_ROOT}/Manifest.lock\" > /dev/null\nif [ $? != 0 ] ; then\n    # print error to STDERR\n    echo \"error: The sandbox is not in sync with the Podfile.lock. Run 'pod install' or update your CocoaPods installation.\" >&2\n    exit 1\nfi\n# This output is used by Xcode 'outputs' to avoid re-running this script phase.\necho \"SUCCESS\" > \"${SCRIPT_OUTPUT_FILE_0}\"\n";
			showEnvVarsInLog = 0;
		};
		D84FFA41A26C236BC44DF1EC /* [CP] Check Pods Manifest.lock */ = {
			isa = PBXShellScriptBuildPhase;
			buildActionMask = 2147483647;
			files = (
			);
			inputFileListPaths = (
			);
			inputPaths = (
				"${PODS_PODFILE_DIR_PATH}/Podfile.lock",
				"${PODS_ROOT}/Manifest.lock",
			);
			name = "[CP] Check Pods Manifest.lock";
			outputFileListPaths = (
			);
			outputPaths = (
				"$(DERIVED_FILE_DIR)/Pods-mvvm-project-checkManifestLockResult.txt",
			);
			runOnlyForDeploymentPostprocessing = 0;
			shellPath = /bin/sh;
			shellScript = "diff \"${PODS_PODFILE_DIR_PATH}/Podfile.lock\" \"${PODS_ROOT}/Manifest.lock\" > /dev/null\nif [ $? != 0 ] ; then\n    # print error to STDERR\n    echo \"error: The sandbox is not in sync with the Podfile.lock. Run 'pod install' or update your CocoaPods installation.\" >&2\n    exit 1\nfi\n# This output is used by Xcode 'outputs' to avoid re-running this script phase.\necho \"SUCCESS\" > \"${SCRIPT_OUTPUT_FILE_0}\"\n";
			showEnvVarsInLog = 0;
		};
/* End PBXShellScriptBuildPhase section */

/* Begin PBXSourcesBuildPhase section */
		95A253DD276506400049D1FB /* Sources */ = {
			isa = PBXSourcesBuildPhase;
			buildActionMask = 2147483647;
			files = (
				95220A562766856D00A2C78A /* NetworkEnvironment.swift in Sources */,
				95F50A0D276F2F19000ABDF5 /* PhotoListMVCTableViewController.swift in Sources */,
				95B4AE4727696E03006F07AD /* MappableDecoder.swift in Sources */,
				95F50A25276F6C0C000ABDF5 /* PhotoListViewController.swift in Sources */,
				95B5029B2770DD1800E1ABC4 /* Router.swift in Sources */,
				95F50A1E276F6A1E000ABDF5 /* PhotoDetailViewController.swift in Sources */,
				95F50A18276F4D2B000ABDF5 /* UITableViewExtension.swift in Sources */,
				95A2542D2766415D0049D1FB /* EndPointType.swift in Sources */,
				95220A5927668A6C00A2C78A /* Reachability.swift in Sources */,
				950F2162276E083700EAD340 /* TabBarCoordinator.swift in Sources */,
				95A25432276657A60049D1FB /* ParameterEncoder.swift in Sources */,
				95F509F8276E1796000ABDF5 /* TabBarController.swift in Sources */,
				95F50A06276F1757000ABDF5 /* PhotoTableViewCell.swift in Sources */,
				95F50A11276F392E000ABDF5 /* ListPhotoEndPoint.swift in Sources */,
				95A253E5276506400049D1FB /* AppDelegate.swift in Sources */,
				95A25438276658900049D1FB /* JSONParameterEncoder.swift in Sources */,
				95A253E7276506400049D1FB /* SceneDelegate.swift in Sources */,
				95F50A0A276F1780000ABDF5 /* PhotoTableViewCellViewModel.swift in Sources */,
				95220A542766853C00A2C78A /* NetworkError.swift in Sources */,
				950F2155276E005200EAD340 /* Photo.swift in Sources */,
				951A21B727687D0600F3B33A /* CodableDecoder.swift in Sources */,
				95A25436276658840049D1FB /* URLParameterEncoder.swift in Sources */,
				95F50A13276F3952000ABDF5 /* ListPhotoAPIManager.swift in Sources */,
				95A25434276657EE0049D1FB /* HTTPMethod.swift in Sources */,
				951A21B527687CE700F3B33A /* ResponseDecoder.swift in Sources */,
				95F50A23276F6BEE000ABDF5 /* PhotoListViewModel.swift in Sources */,
				95B5029E2770DE3200E1ABC4 /* PhotoListRouter.swift in Sources */,
				95A2542B2766411D0049D1FB /* NetworkRouter.swift in Sources */,
			);
			runOnlyForDeploymentPostprocessing = 0;
		};
		95A253F3276506430049D1FB /* Sources */ = {
			isa = PBXSourcesBuildPhase;
			buildActionMask = 2147483647;
			files = (
				95A253FC276506430049D1FB /* mvvm_projectTests.swift in Sources */,
			);
			runOnlyForDeploymentPostprocessing = 0;
		};
		95A253FD276506430049D1FB /* Sources */ = {
			isa = PBXSourcesBuildPhase;
			buildActionMask = 2147483647;
			files = (
				95A25408276506430049D1FB /* mvvm_projectUITestsLaunchTests.swift in Sources */,
				95A25406276506430049D1FB /* mvvm_projectUITests.swift in Sources */,
			);
			runOnlyForDeploymentPostprocessing = 0;
		};
/* End PBXSourcesBuildPhase section */

/* Begin PBXTargetDependency section */
		95A253F9276506430049D1FB /* PBXTargetDependency */ = {
			isa = PBXTargetDependency;
			target = 95A253E0276506400049D1FB /* mvvm-project */;
			targetProxy = 95A253F8276506430049D1FB /* PBXContainerItemProxy */;
		};
		95A25403276506430049D1FB /* PBXTargetDependency */ = {
			isa = PBXTargetDependency;
			target = 95A253E0276506400049D1FB /* mvvm-project */;
			targetProxy = 95A25402276506430049D1FB /* PBXContainerItemProxy */;
		};
/* End PBXTargetDependency section */

/* Begin PBXVariantGroup section */
		95A253EF276506420049D1FB /* LaunchScreen.storyboard */ = {
			isa = PBXVariantGroup;
			children = (
				95A253F0276506420049D1FB /* Base */,
			);
			name = LaunchScreen.storyboard;
			sourceTree = "<group>";
		};
/* End PBXVariantGroup section */

/* Begin XCBuildConfiguration section */
		95220A5A276690D400A2C78A /* Debug (Staging) */ = {
			isa = XCBuildConfiguration;
			baseConfigurationReference = 95220A6C2766B9EF00A2C78A /* Staging.xcconfig */;
			buildSettings = {
				ALWAYS_EMBED_SWIFT_STANDARD_LIBRARIES = YES;
				ALWAYS_SEARCH_USER_PATHS = NO;
				CLANG_ANALYZER_NONNULL = YES;
				CLANG_ANALYZER_NUMBER_OBJECT_CONVERSION = YES_AGGRESSIVE;
				CLANG_CXX_LANGUAGE_STANDARD = "gnu++17";
				CLANG_CXX_LIBRARY = "libc++";
				CLANG_ENABLE_MODULES = YES;
				CLANG_ENABLE_OBJC_ARC = YES;
				CLANG_ENABLE_OBJC_WEAK = YES;
				CLANG_WARN_BLOCK_CAPTURE_AUTORELEASING = YES;
				CLANG_WARN_BOOL_CONVERSION = YES;
				CLANG_WARN_COMMA = YES;
				CLANG_WARN_CONSTANT_CONVERSION = YES;
				CLANG_WARN_DEPRECATED_OBJC_IMPLEMENTATIONS = YES;
				CLANG_WARN_DIRECT_OBJC_ISA_USAGE = YES_ERROR;
				CLANG_WARN_DOCUMENTATION_COMMENTS = YES;
				CLANG_WARN_EMPTY_BODY = YES;
				CLANG_WARN_ENUM_CONVERSION = YES;
				CLANG_WARN_INFINITE_RECURSION = YES;
				CLANG_WARN_INT_CONVERSION = YES;
				CLANG_WARN_NON_LITERAL_NULL_CONVERSION = YES;
				CLANG_WARN_OBJC_IMPLICIT_RETAIN_SELF = YES;
				CLANG_WARN_OBJC_LITERAL_CONVERSION = YES;
				CLANG_WARN_OBJC_ROOT_CLASS = YES_ERROR;
				CLANG_WARN_QUOTED_INCLUDE_IN_FRAMEWORK_HEADER = YES;
				CLANG_WARN_RANGE_LOOP_ANALYSIS = YES;
				CLANG_WARN_STRICT_PROTOTYPES = YES;
				CLANG_WARN_SUSPICIOUS_MOVE = YES;
				CLANG_WARN_UNGUARDED_AVAILABILITY = YES_AGGRESSIVE;
				CLANG_WARN_UNREACHABLE_CODE = YES;
				CLANG_WARN__DUPLICATE_METHOD_MATCH = YES;
				COPY_PHASE_STRIP = NO;
				DEBUG_INFORMATION_FORMAT = dwarf;
				ENABLE_STRICT_OBJC_MSGSEND = YES;
				ENABLE_TESTABILITY = YES;
				GCC_C_LANGUAGE_STANDARD = gnu11;
				GCC_DYNAMIC_NO_PIC = NO;
				GCC_NO_COMMON_BLOCKS = YES;
				GCC_OPTIMIZATION_LEVEL = 0;
				GCC_PREPROCESSOR_DEFINITIONS = (
					"DEBUG=1",
					"$(inherited)",
				);
				GCC_WARN_64_TO_32_BIT_CONVERSION = YES;
				GCC_WARN_ABOUT_RETURN_TYPE = YES_ERROR;
				GCC_WARN_UNDECLARED_SELECTOR = YES;
				GCC_WARN_UNINITIALIZED_AUTOS = YES_AGGRESSIVE;
				GCC_WARN_UNUSED_FUNCTION = YES;
				GCC_WARN_UNUSED_VARIABLE = YES;
				IPHONEOS_DEPLOYMENT_TARGET = 15.0;
				MTL_ENABLE_DEBUG_INFO = INCLUDE_SOURCE;
				MTL_FAST_MATH = YES;
				ONLY_ACTIVE_ARCH = YES;
				SDKROOT = iphoneos;
				SWIFT_ACTIVE_COMPILATION_CONDITIONS = DEBUG;
				SWIFT_OPTIMIZATION_LEVEL = "-Onone";
			};
			name = "Debug (Staging)";
		};
		95220A5B276690D400A2C78A /* Debug (Staging) */ = {
			isa = XCBuildConfiguration;
			baseConfigurationReference = 95220A6C2766B9EF00A2C78A /* Staging.xcconfig */;
			buildSettings = {
				ASSETCATALOG_COMPILER_APPICON_NAME = AppIcon;
				ASSETCATALOG_COMPILER_GLOBAL_ACCENT_COLOR_NAME = AccentColor;
				CODE_SIGN_STYLE = Automatic;
				CURRENT_PROJECT_VERSION = 1;
				DEVELOPMENT_TEAM = JD9U9LGBU4;
				GENERATE_INFOPLIST_FILE = YES;
				INFOPLIST_FILE = "mvvm-project/SupportingFiles/Info.plist";
				INFOPLIST_KEY_UIApplicationSupportsIndirectInputEvents = YES;
				INFOPLIST_KEY_UILaunchStoryboardName = LaunchScreen;
				INFOPLIST_KEY_UIMainStoryboardFile = Main;
				INFOPLIST_KEY_UISupportedInterfaceOrientations_iPad = "UIInterfaceOrientationPortrait UIInterfaceOrientationPortraitUpsideDown UIInterfaceOrientationLandscapeLeft UIInterfaceOrientationLandscapeRight";
				INFOPLIST_KEY_UISupportedInterfaceOrientations_iPhone = "UIInterfaceOrientationPortrait UIInterfaceOrientationLandscapeLeft UIInterfaceOrientationLandscapeRight";
				LD_RUNPATH_SEARCH_PATHS = (
					"$(inherited)",
					"@executable_path/Frameworks",
				);
				MARKETING_VERSION = 1.0;
				PRODUCT_BUNDLE_IDENTIFIER = "abdallah.mvvm-project";
				PRODUCT_NAME = "$(TARGET_NAME)";
				SWIFT_EMIT_LOC_STRINGS = YES;
				SWIFT_VERSION = 5.0;
				TARGETED_DEVICE_FAMILY = "1,2";
			};
			name = "Debug (Staging)";
		};
		95220A5C276690D400A2C78A /* Debug (Staging) */ = {
			isa = XCBuildConfiguration;
			baseConfigurationReference = 95220A6C2766B9EF00A2C78A /* Staging.xcconfig */;
			buildSettings = {
				ALWAYS_EMBED_SWIFT_STANDARD_LIBRARIES = YES;
				BUNDLE_LOADER = "$(TEST_HOST)";
				CODE_SIGN_STYLE = Automatic;
				CURRENT_PROJECT_VERSION = 1;
				DEVELOPMENT_TEAM = JD9U9LGBU4;
				GENERATE_INFOPLIST_FILE = YES;
				IPHONEOS_DEPLOYMENT_TARGET = 15.0;
				LD_RUNPATH_SEARCH_PATHS = (
					"$(inherited)",
					"@executable_path/Frameworks",
					"@loader_path/Frameworks",
				);
				MARKETING_VERSION = 1.0;
				PRODUCT_BUNDLE_IDENTIFIER = "abdallah.mvvm-projectTests";
				PRODUCT_NAME = "$(TARGET_NAME)";
				SWIFT_EMIT_LOC_STRINGS = NO;
				SWIFT_VERSION = 5.0;
				TARGETED_DEVICE_FAMILY = "1,2";
				TEST_HOST = "$(BUILT_PRODUCTS_DIR)/mvvm-project.app/mvvm-project";
			};
			name = "Debug (Staging)";
		};
		95220A5D276690D400A2C78A /* Debug (Staging) */ = {
			isa = XCBuildConfiguration;
			baseConfigurationReference = 95220A6C2766B9EF00A2C78A /* Staging.xcconfig */;
			buildSettings = {
				ALWAYS_EMBED_SWIFT_STANDARD_LIBRARIES = YES;
				CODE_SIGN_STYLE = Automatic;
				CURRENT_PROJECT_VERSION = 1;
				DEVELOPMENT_TEAM = JD9U9LGBU4;
				GENERATE_INFOPLIST_FILE = YES;
				LD_RUNPATH_SEARCH_PATHS = (
					"$(inherited)",
					"@executable_path/Frameworks",
					"@loader_path/Frameworks",
				);
				MARKETING_VERSION = 1.0;
				PRODUCT_BUNDLE_IDENTIFIER = "abdallah.mvvm-projectUITests";
				PRODUCT_NAME = "$(TARGET_NAME)";
				SWIFT_EMIT_LOC_STRINGS = NO;
				SWIFT_VERSION = 5.0;
				TARGETED_DEVICE_FAMILY = "1,2";
				TEST_TARGET_NAME = "mvvm-project";
			};
			name = "Debug (Staging)";
		};
		95220A5E276690D800A2C78A /* Debug (Development) */ = {
			isa = XCBuildConfiguration;
			baseConfigurationReference = 95220A6B2766B9E300A2C78A /* Development.xcconfig */;
			buildSettings = {
				ALWAYS_EMBED_SWIFT_STANDARD_LIBRARIES = YES;
				ALWAYS_SEARCH_USER_PATHS = NO;
				CLANG_ANALYZER_NONNULL = YES;
				CLANG_ANALYZER_NUMBER_OBJECT_CONVERSION = YES_AGGRESSIVE;
				CLANG_CXX_LANGUAGE_STANDARD = "gnu++17";
				CLANG_CXX_LIBRARY = "libc++";
				CLANG_ENABLE_MODULES = YES;
				CLANG_ENABLE_OBJC_ARC = YES;
				CLANG_ENABLE_OBJC_WEAK = YES;
				CLANG_WARN_BLOCK_CAPTURE_AUTORELEASING = YES;
				CLANG_WARN_BOOL_CONVERSION = YES;
				CLANG_WARN_COMMA = YES;
				CLANG_WARN_CONSTANT_CONVERSION = YES;
				CLANG_WARN_DEPRECATED_OBJC_IMPLEMENTATIONS = YES;
				CLANG_WARN_DIRECT_OBJC_ISA_USAGE = YES_ERROR;
				CLANG_WARN_DOCUMENTATION_COMMENTS = YES;
				CLANG_WARN_EMPTY_BODY = YES;
				CLANG_WARN_ENUM_CONVERSION = YES;
				CLANG_WARN_INFINITE_RECURSION = YES;
				CLANG_WARN_INT_CONVERSION = YES;
				CLANG_WARN_NON_LITERAL_NULL_CONVERSION = YES;
				CLANG_WARN_OBJC_IMPLICIT_RETAIN_SELF = YES;
				CLANG_WARN_OBJC_LITERAL_CONVERSION = YES;
				CLANG_WARN_OBJC_ROOT_CLASS = YES_ERROR;
				CLANG_WARN_QUOTED_INCLUDE_IN_FRAMEWORK_HEADER = YES;
				CLANG_WARN_RANGE_LOOP_ANALYSIS = YES;
				CLANG_WARN_STRICT_PROTOTYPES = YES;
				CLANG_WARN_SUSPICIOUS_MOVE = YES;
				CLANG_WARN_UNGUARDED_AVAILABILITY = YES_AGGRESSIVE;
				CLANG_WARN_UNREACHABLE_CODE = YES;
				CLANG_WARN__DUPLICATE_METHOD_MATCH = YES;
				COPY_PHASE_STRIP = NO;
				DEBUG_INFORMATION_FORMAT = dwarf;
				ENABLE_STRICT_OBJC_MSGSEND = YES;
				ENABLE_TESTABILITY = YES;
				GCC_C_LANGUAGE_STANDARD = gnu11;
				GCC_DYNAMIC_NO_PIC = NO;
				GCC_NO_COMMON_BLOCKS = YES;
				GCC_OPTIMIZATION_LEVEL = 0;
				GCC_PREPROCESSOR_DEFINITIONS = (
					"DEBUG=1",
					"$(inherited)",
				);
				GCC_WARN_64_TO_32_BIT_CONVERSION = YES;
				GCC_WARN_ABOUT_RETURN_TYPE = YES_ERROR;
				GCC_WARN_UNDECLARED_SELECTOR = YES;
				GCC_WARN_UNINITIALIZED_AUTOS = YES_AGGRESSIVE;
				GCC_WARN_UNUSED_FUNCTION = YES;
				GCC_WARN_UNUSED_VARIABLE = YES;
				IPHONEOS_DEPLOYMENT_TARGET = 15.0;
				MTL_ENABLE_DEBUG_INFO = INCLUDE_SOURCE;
				MTL_FAST_MATH = YES;
				ONLY_ACTIVE_ARCH = YES;
				SDKROOT = iphoneos;
				SWIFT_ACTIVE_COMPILATION_CONDITIONS = DEBUG;
				SWIFT_OPTIMIZATION_LEVEL = "-Onone";
			};
			name = "Debug (Development)";
		};
		95220A5F276690D800A2C78A /* Debug (Development) */ = {
			isa = XCBuildConfiguration;
			baseConfigurationReference = 95220A6B2766B9E300A2C78A /* Development.xcconfig */;
			buildSettings = {
				ASSETCATALOG_COMPILER_APPICON_NAME = AppIcon;
				ASSETCATALOG_COMPILER_GLOBAL_ACCENT_COLOR_NAME = AccentColor;
				CODE_SIGN_STYLE = Automatic;
				CURRENT_PROJECT_VERSION = 1;
				DEVELOPMENT_TEAM = JD9U9LGBU4;
				GENERATE_INFOPLIST_FILE = YES;
				INFOPLIST_FILE = "mvvm-project/SupportingFiles/Info.plist";
				INFOPLIST_KEY_UIApplicationSupportsIndirectInputEvents = YES;
				INFOPLIST_KEY_UILaunchStoryboardName = LaunchScreen;
				INFOPLIST_KEY_UIMainStoryboardFile = Main;
				INFOPLIST_KEY_UISupportedInterfaceOrientations_iPad = "UIInterfaceOrientationPortrait UIInterfaceOrientationPortraitUpsideDown UIInterfaceOrientationLandscapeLeft UIInterfaceOrientationLandscapeRight";
				INFOPLIST_KEY_UISupportedInterfaceOrientations_iPhone = "UIInterfaceOrientationPortrait UIInterfaceOrientationLandscapeLeft UIInterfaceOrientationLandscapeRight";
				LD_RUNPATH_SEARCH_PATHS = (
					"$(inherited)",
					"@executable_path/Frameworks",
				);
				MARKETING_VERSION = 1.0;
				PRODUCT_BUNDLE_IDENTIFIER = "abdallah.mvvm-project";
				PRODUCT_NAME = "$(TARGET_NAME)";
				SWIFT_EMIT_LOC_STRINGS = YES;
				SWIFT_VERSION = 5.0;
				TARGETED_DEVICE_FAMILY = "1,2";
			};
			name = "Debug (Development)";
		};
		95220A60276690D800A2C78A /* Debug (Development) */ = {
			isa = XCBuildConfiguration;
			baseConfigurationReference = 95220A6B2766B9E300A2C78A /* Development.xcconfig */;
			buildSettings = {
				ALWAYS_EMBED_SWIFT_STANDARD_LIBRARIES = YES;
				BUNDLE_LOADER = "$(TEST_HOST)";
				CODE_SIGN_STYLE = Automatic;
				CURRENT_PROJECT_VERSION = 1;
				DEVELOPMENT_TEAM = JD9U9LGBU4;
				GENERATE_INFOPLIST_FILE = YES;
				IPHONEOS_DEPLOYMENT_TARGET = 15.0;
				LD_RUNPATH_SEARCH_PATHS = (
					"$(inherited)",
					"@executable_path/Frameworks",
					"@loader_path/Frameworks",
				);
				MARKETING_VERSION = 1.0;
				PRODUCT_BUNDLE_IDENTIFIER = "abdallah.mvvm-projectTests";
				PRODUCT_NAME = "$(TARGET_NAME)";
				SWIFT_EMIT_LOC_STRINGS = NO;
				SWIFT_VERSION = 5.0;
				TARGETED_DEVICE_FAMILY = "1,2";
				TEST_HOST = "$(BUILT_PRODUCTS_DIR)/mvvm-project.app/mvvm-project";
			};
			name = "Debug (Development)";
		};
		95220A61276690D800A2C78A /* Debug (Development) */ = {
			isa = XCBuildConfiguration;
			baseConfigurationReference = 95220A6B2766B9E300A2C78A /* Development.xcconfig */;
			buildSettings = {
				ALWAYS_EMBED_SWIFT_STANDARD_LIBRARIES = YES;
				CODE_SIGN_STYLE = Automatic;
				CURRENT_PROJECT_VERSION = 1;
				DEVELOPMENT_TEAM = JD9U9LGBU4;
				GENERATE_INFOPLIST_FILE = YES;
				LD_RUNPATH_SEARCH_PATHS = (
					"$(inherited)",
					"@executable_path/Frameworks",
					"@loader_path/Frameworks",
				);
				MARKETING_VERSION = 1.0;
				PRODUCT_BUNDLE_IDENTIFIER = "abdallah.mvvm-projectUITests";
				PRODUCT_NAME = "$(TARGET_NAME)";
				SWIFT_EMIT_LOC_STRINGS = NO;
				SWIFT_VERSION = 5.0;
				TARGETED_DEVICE_FAMILY = "1,2";
				TEST_TARGET_NAME = "mvvm-project";
			};
			name = "Debug (Development)";
		};
		95220A62276690DB00A2C78A /* Release (Staging) */ = {
			isa = XCBuildConfiguration;
			baseConfigurationReference = 95220A6C2766B9EF00A2C78A /* Staging.xcconfig */;
			buildSettings = {
				ALWAYS_EMBED_SWIFT_STANDARD_LIBRARIES = YES;
				ALWAYS_SEARCH_USER_PATHS = NO;
				CLANG_ANALYZER_NONNULL = YES;
				CLANG_ANALYZER_NUMBER_OBJECT_CONVERSION = YES_AGGRESSIVE;
				CLANG_CXX_LANGUAGE_STANDARD = "gnu++17";
				CLANG_CXX_LIBRARY = "libc++";
				CLANG_ENABLE_MODULES = YES;
				CLANG_ENABLE_OBJC_ARC = YES;
				CLANG_ENABLE_OBJC_WEAK = YES;
				CLANG_WARN_BLOCK_CAPTURE_AUTORELEASING = YES;
				CLANG_WARN_BOOL_CONVERSION = YES;
				CLANG_WARN_COMMA = YES;
				CLANG_WARN_CONSTANT_CONVERSION = YES;
				CLANG_WARN_DEPRECATED_OBJC_IMPLEMENTATIONS = YES;
				CLANG_WARN_DIRECT_OBJC_ISA_USAGE = YES_ERROR;
				CLANG_WARN_DOCUMENTATION_COMMENTS = YES;
				CLANG_WARN_EMPTY_BODY = YES;
				CLANG_WARN_ENUM_CONVERSION = YES;
				CLANG_WARN_INFINITE_RECURSION = YES;
				CLANG_WARN_INT_CONVERSION = YES;
				CLANG_WARN_NON_LITERAL_NULL_CONVERSION = YES;
				CLANG_WARN_OBJC_IMPLICIT_RETAIN_SELF = YES;
				CLANG_WARN_OBJC_LITERAL_CONVERSION = YES;
				CLANG_WARN_OBJC_ROOT_CLASS = YES_ERROR;
				CLANG_WARN_QUOTED_INCLUDE_IN_FRAMEWORK_HEADER = YES;
				CLANG_WARN_RANGE_LOOP_ANALYSIS = YES;
				CLANG_WARN_STRICT_PROTOTYPES = YES;
				CLANG_WARN_SUSPICIOUS_MOVE = YES;
				CLANG_WARN_UNGUARDED_AVAILABILITY = YES_AGGRESSIVE;
				CLANG_WARN_UNREACHABLE_CODE = YES;
				CLANG_WARN__DUPLICATE_METHOD_MATCH = YES;
				COPY_PHASE_STRIP = NO;
				DEBUG_INFORMATION_FORMAT = "dwarf-with-dsym";
				ENABLE_NS_ASSERTIONS = NO;
				ENABLE_STRICT_OBJC_MSGSEND = YES;
				GCC_C_LANGUAGE_STANDARD = gnu11;
				GCC_NO_COMMON_BLOCKS = YES;
				GCC_WARN_64_TO_32_BIT_CONVERSION = YES;
				GCC_WARN_ABOUT_RETURN_TYPE = YES_ERROR;
				GCC_WARN_UNDECLARED_SELECTOR = YES;
				GCC_WARN_UNINITIALIZED_AUTOS = YES_AGGRESSIVE;
				GCC_WARN_UNUSED_FUNCTION = YES;
				GCC_WARN_UNUSED_VARIABLE = YES;
				IPHONEOS_DEPLOYMENT_TARGET = 15.0;
				MTL_ENABLE_DEBUG_INFO = NO;
				MTL_FAST_MATH = YES;
				SDKROOT = iphoneos;
				SWIFT_COMPILATION_MODE = wholemodule;
				SWIFT_OPTIMIZATION_LEVEL = "-O";
				VALIDATE_PRODUCT = YES;
			};
			name = "Release (Staging)";
		};
		95220A63276690DB00A2C78A /* Release (Staging) */ = {
			isa = XCBuildConfiguration;
			baseConfigurationReference = 95220A6C2766B9EF00A2C78A /* Staging.xcconfig */;
			buildSettings = {
				ASSETCATALOG_COMPILER_APPICON_NAME = AppIcon;
				ASSETCATALOG_COMPILER_GLOBAL_ACCENT_COLOR_NAME = AccentColor;
				CODE_SIGN_STYLE = Automatic;
				CURRENT_PROJECT_VERSION = 1;
				DEVELOPMENT_TEAM = JD9U9LGBU4;
				GENERATE_INFOPLIST_FILE = YES;
				INFOPLIST_FILE = "mvvm-project/SupportingFiles/Info.plist";
				INFOPLIST_KEY_UIApplicationSupportsIndirectInputEvents = YES;
				INFOPLIST_KEY_UILaunchStoryboardName = LaunchScreen;
				INFOPLIST_KEY_UIMainStoryboardFile = Main;
				INFOPLIST_KEY_UISupportedInterfaceOrientations_iPad = "UIInterfaceOrientationPortrait UIInterfaceOrientationPortraitUpsideDown UIInterfaceOrientationLandscapeLeft UIInterfaceOrientationLandscapeRight";
				INFOPLIST_KEY_UISupportedInterfaceOrientations_iPhone = "UIInterfaceOrientationPortrait UIInterfaceOrientationLandscapeLeft UIInterfaceOrientationLandscapeRight";
				LD_RUNPATH_SEARCH_PATHS = (
					"$(inherited)",
					"@executable_path/Frameworks",
				);
				MARKETING_VERSION = 1.0;
				PRODUCT_BUNDLE_IDENTIFIER = "abdallah.mvvm-project";
				PRODUCT_NAME = "$(TARGET_NAME)";
				SWIFT_EMIT_LOC_STRINGS = YES;
				SWIFT_VERSION = 5.0;
				TARGETED_DEVICE_FAMILY = "1,2";
			};
			name = "Release (Staging)";
		};
		95220A64276690DB00A2C78A /* Release (Staging) */ = {
			isa = XCBuildConfiguration;
			baseConfigurationReference = 95220A6C2766B9EF00A2C78A /* Staging.xcconfig */;
			buildSettings = {
				ALWAYS_EMBED_SWIFT_STANDARD_LIBRARIES = YES;
				BUNDLE_LOADER = "$(TEST_HOST)";
				CODE_SIGN_STYLE = Automatic;
				CURRENT_PROJECT_VERSION = 1;
				DEVELOPMENT_TEAM = JD9U9LGBU4;
				GENERATE_INFOPLIST_FILE = YES;
				IPHONEOS_DEPLOYMENT_TARGET = 15.0;
				LD_RUNPATH_SEARCH_PATHS = (
					"$(inherited)",
					"@executable_path/Frameworks",
					"@loader_path/Frameworks",
				);
				MARKETING_VERSION = 1.0;
				PRODUCT_BUNDLE_IDENTIFIER = "abdallah.mvvm-projectTests";
				PRODUCT_NAME = "$(TARGET_NAME)";
				SWIFT_EMIT_LOC_STRINGS = NO;
				SWIFT_VERSION = 5.0;
				TARGETED_DEVICE_FAMILY = "1,2";
				TEST_HOST = "$(BUILT_PRODUCTS_DIR)/mvvm-project.app/mvvm-project";
			};
			name = "Release (Staging)";
		};
		95220A65276690DB00A2C78A /* Release (Staging) */ = {
			isa = XCBuildConfiguration;
			baseConfigurationReference = 95220A6C2766B9EF00A2C78A /* Staging.xcconfig */;
			buildSettings = {
				ALWAYS_EMBED_SWIFT_STANDARD_LIBRARIES = YES;
				CODE_SIGN_STYLE = Automatic;
				CURRENT_PROJECT_VERSION = 1;
				DEVELOPMENT_TEAM = JD9U9LGBU4;
				GENERATE_INFOPLIST_FILE = YES;
				LD_RUNPATH_SEARCH_PATHS = (
					"$(inherited)",
					"@executable_path/Frameworks",
					"@loader_path/Frameworks",
				);
				MARKETING_VERSION = 1.0;
				PRODUCT_BUNDLE_IDENTIFIER = "abdallah.mvvm-projectUITests";
				PRODUCT_NAME = "$(TARGET_NAME)";
				SWIFT_EMIT_LOC_STRINGS = NO;
				SWIFT_VERSION = 5.0;
				TARGETED_DEVICE_FAMILY = "1,2";
				TEST_TARGET_NAME = "mvvm-project";
			};
			name = "Release (Staging)";
		};
		95220A66276690DF00A2C78A /* Release (Development) */ = {
			isa = XCBuildConfiguration;
			baseConfigurationReference = 95220A6B2766B9E300A2C78A /* Development.xcconfig */;
			buildSettings = {
				ALWAYS_EMBED_SWIFT_STANDARD_LIBRARIES = YES;
				ALWAYS_SEARCH_USER_PATHS = NO;
				CLANG_ANALYZER_NONNULL = YES;
				CLANG_ANALYZER_NUMBER_OBJECT_CONVERSION = YES_AGGRESSIVE;
				CLANG_CXX_LANGUAGE_STANDARD = "gnu++17";
				CLANG_CXX_LIBRARY = "libc++";
				CLANG_ENABLE_MODULES = YES;
				CLANG_ENABLE_OBJC_ARC = YES;
				CLANG_ENABLE_OBJC_WEAK = YES;
				CLANG_WARN_BLOCK_CAPTURE_AUTORELEASING = YES;
				CLANG_WARN_BOOL_CONVERSION = YES;
				CLANG_WARN_COMMA = YES;
				CLANG_WARN_CONSTANT_CONVERSION = YES;
				CLANG_WARN_DEPRECATED_OBJC_IMPLEMENTATIONS = YES;
				CLANG_WARN_DIRECT_OBJC_ISA_USAGE = YES_ERROR;
				CLANG_WARN_DOCUMENTATION_COMMENTS = YES;
				CLANG_WARN_EMPTY_BODY = YES;
				CLANG_WARN_ENUM_CONVERSION = YES;
				CLANG_WARN_INFINITE_RECURSION = YES;
				CLANG_WARN_INT_CONVERSION = YES;
				CLANG_WARN_NON_LITERAL_NULL_CONVERSION = YES;
				CLANG_WARN_OBJC_IMPLICIT_RETAIN_SELF = YES;
				CLANG_WARN_OBJC_LITERAL_CONVERSION = YES;
				CLANG_WARN_OBJC_ROOT_CLASS = YES_ERROR;
				CLANG_WARN_QUOTED_INCLUDE_IN_FRAMEWORK_HEADER = YES;
				CLANG_WARN_RANGE_LOOP_ANALYSIS = YES;
				CLANG_WARN_STRICT_PROTOTYPES = YES;
				CLANG_WARN_SUSPICIOUS_MOVE = YES;
				CLANG_WARN_UNGUARDED_AVAILABILITY = YES_AGGRESSIVE;
				CLANG_WARN_UNREACHABLE_CODE = YES;
				CLANG_WARN__DUPLICATE_METHOD_MATCH = YES;
				COPY_PHASE_STRIP = NO;
				DEBUG_INFORMATION_FORMAT = "dwarf-with-dsym";
				ENABLE_NS_ASSERTIONS = NO;
				ENABLE_STRICT_OBJC_MSGSEND = YES;
				GCC_C_LANGUAGE_STANDARD = gnu11;
				GCC_NO_COMMON_BLOCKS = YES;
				GCC_WARN_64_TO_32_BIT_CONVERSION = YES;
				GCC_WARN_ABOUT_RETURN_TYPE = YES_ERROR;
				GCC_WARN_UNDECLARED_SELECTOR = YES;
				GCC_WARN_UNINITIALIZED_AUTOS = YES_AGGRESSIVE;
				GCC_WARN_UNUSED_FUNCTION = YES;
				GCC_WARN_UNUSED_VARIABLE = YES;
				IPHONEOS_DEPLOYMENT_TARGET = 15.0;
				MTL_ENABLE_DEBUG_INFO = NO;
				MTL_FAST_MATH = YES;
				SDKROOT = iphoneos;
				SWIFT_COMPILATION_MODE = wholemodule;
				SWIFT_OPTIMIZATION_LEVEL = "-O";
				VALIDATE_PRODUCT = YES;
			};
			name = "Release (Development)";
		};
		95220A67276690DF00A2C78A /* Release (Development) */ = {
			isa = XCBuildConfiguration;
			baseConfigurationReference = 95220A6B2766B9E300A2C78A /* Development.xcconfig */;
			buildSettings = {
				ASSETCATALOG_COMPILER_APPICON_NAME = AppIcon;
				ASSETCATALOG_COMPILER_GLOBAL_ACCENT_COLOR_NAME = AccentColor;
				CODE_SIGN_STYLE = Automatic;
				CURRENT_PROJECT_VERSION = 1;
				DEVELOPMENT_TEAM = JD9U9LGBU4;
				GENERATE_INFOPLIST_FILE = YES;
				INFOPLIST_FILE = "mvvm-project/SupportingFiles/Info.plist";
				INFOPLIST_KEY_UIApplicationSupportsIndirectInputEvents = YES;
				INFOPLIST_KEY_UILaunchStoryboardName = LaunchScreen;
				INFOPLIST_KEY_UIMainStoryboardFile = Main;
				INFOPLIST_KEY_UISupportedInterfaceOrientations_iPad = "UIInterfaceOrientationPortrait UIInterfaceOrientationPortraitUpsideDown UIInterfaceOrientationLandscapeLeft UIInterfaceOrientationLandscapeRight";
				INFOPLIST_KEY_UISupportedInterfaceOrientations_iPhone = "UIInterfaceOrientationPortrait UIInterfaceOrientationLandscapeLeft UIInterfaceOrientationLandscapeRight";
				LD_RUNPATH_SEARCH_PATHS = (
					"$(inherited)",
					"@executable_path/Frameworks",
				);
				MARKETING_VERSION = 1.0;
				PRODUCT_BUNDLE_IDENTIFIER = "abdallah.mvvm-project";
				PRODUCT_NAME = "$(TARGET_NAME)";
				SWIFT_EMIT_LOC_STRINGS = YES;
				SWIFT_VERSION = 5.0;
				TARGETED_DEVICE_FAMILY = "1,2";
			};
			name = "Release (Development)";
		};
		95220A68276690DF00A2C78A /* Release (Development) */ = {
			isa = XCBuildConfiguration;
			baseConfigurationReference = 95220A6B2766B9E300A2C78A /* Development.xcconfig */;
			buildSettings = {
				ALWAYS_EMBED_SWIFT_STANDARD_LIBRARIES = YES;
				BUNDLE_LOADER = "$(TEST_HOST)";
				CODE_SIGN_STYLE = Automatic;
				CURRENT_PROJECT_VERSION = 1;
				DEVELOPMENT_TEAM = JD9U9LGBU4;
				GENERATE_INFOPLIST_FILE = YES;
				IPHONEOS_DEPLOYMENT_TARGET = 15.0;
				LD_RUNPATH_SEARCH_PATHS = (
					"$(inherited)",
					"@executable_path/Frameworks",
					"@loader_path/Frameworks",
				);
				MARKETING_VERSION = 1.0;
				PRODUCT_BUNDLE_IDENTIFIER = "abdallah.mvvm-projectTests";
				PRODUCT_NAME = "$(TARGET_NAME)";
				SWIFT_EMIT_LOC_STRINGS = NO;
				SWIFT_VERSION = 5.0;
				TARGETED_DEVICE_FAMILY = "1,2";
				TEST_HOST = "$(BUILT_PRODUCTS_DIR)/mvvm-project.app/mvvm-project";
			};
			name = "Release (Development)";
		};
		95220A69276690DF00A2C78A /* Release (Development) */ = {
			isa = XCBuildConfiguration;
			baseConfigurationReference = 95220A6B2766B9E300A2C78A /* Development.xcconfig */;
			buildSettings = {
				ALWAYS_EMBED_SWIFT_STANDARD_LIBRARIES = YES;
				CODE_SIGN_STYLE = Automatic;
				CURRENT_PROJECT_VERSION = 1;
				DEVELOPMENT_TEAM = JD9U9LGBU4;
				GENERATE_INFOPLIST_FILE = YES;
				LD_RUNPATH_SEARCH_PATHS = (
					"$(inherited)",
					"@executable_path/Frameworks",
					"@loader_path/Frameworks",
				);
				MARKETING_VERSION = 1.0;
				PRODUCT_BUNDLE_IDENTIFIER = "abdallah.mvvm-projectUITests";
				PRODUCT_NAME = "$(TARGET_NAME)";
				SWIFT_EMIT_LOC_STRINGS = NO;
				SWIFT_VERSION = 5.0;
				TARGETED_DEVICE_FAMILY = "1,2";
				TEST_TARGET_NAME = "mvvm-project";
			};
			name = "Release (Development)";
		};
		95A25409276506430049D1FB /* Debug (Production) */ = {
			isa = XCBuildConfiguration;
			baseConfigurationReference = 95220A6D2766B9FF00A2C78A /* Production.xcconfig */;
			buildSettings = {
				ALWAYS_EMBED_SWIFT_STANDARD_LIBRARIES = YES;
				ALWAYS_SEARCH_USER_PATHS = NO;
				CLANG_ANALYZER_NONNULL = YES;
				CLANG_ANALYZER_NUMBER_OBJECT_CONVERSION = YES_AGGRESSIVE;
				CLANG_CXX_LANGUAGE_STANDARD = "gnu++17";
				CLANG_CXX_LIBRARY = "libc++";
				CLANG_ENABLE_MODULES = YES;
				CLANG_ENABLE_OBJC_ARC = YES;
				CLANG_ENABLE_OBJC_WEAK = YES;
				CLANG_WARN_BLOCK_CAPTURE_AUTORELEASING = YES;
				CLANG_WARN_BOOL_CONVERSION = YES;
				CLANG_WARN_COMMA = YES;
				CLANG_WARN_CONSTANT_CONVERSION = YES;
				CLANG_WARN_DEPRECATED_OBJC_IMPLEMENTATIONS = YES;
				CLANG_WARN_DIRECT_OBJC_ISA_USAGE = YES_ERROR;
				CLANG_WARN_DOCUMENTATION_COMMENTS = YES;
				CLANG_WARN_EMPTY_BODY = YES;
				CLANG_WARN_ENUM_CONVERSION = YES;
				CLANG_WARN_INFINITE_RECURSION = YES;
				CLANG_WARN_INT_CONVERSION = YES;
				CLANG_WARN_NON_LITERAL_NULL_CONVERSION = YES;
				CLANG_WARN_OBJC_IMPLICIT_RETAIN_SELF = YES;
				CLANG_WARN_OBJC_LITERAL_CONVERSION = YES;
				CLANG_WARN_OBJC_ROOT_CLASS = YES_ERROR;
				CLANG_WARN_QUOTED_INCLUDE_IN_FRAMEWORK_HEADER = YES;
				CLANG_WARN_RANGE_LOOP_ANALYSIS = YES;
				CLANG_WARN_STRICT_PROTOTYPES = YES;
				CLANG_WARN_SUSPICIOUS_MOVE = YES;
				CLANG_WARN_UNGUARDED_AVAILABILITY = YES_AGGRESSIVE;
				CLANG_WARN_UNREACHABLE_CODE = YES;
				CLANG_WARN__DUPLICATE_METHOD_MATCH = YES;
				COPY_PHASE_STRIP = NO;
				DEBUG_INFORMATION_FORMAT = dwarf;
				ENABLE_STRICT_OBJC_MSGSEND = YES;
				ENABLE_TESTABILITY = YES;
				GCC_C_LANGUAGE_STANDARD = gnu11;
				GCC_DYNAMIC_NO_PIC = NO;
				GCC_NO_COMMON_BLOCKS = YES;
				GCC_OPTIMIZATION_LEVEL = 0;
				GCC_PREPROCESSOR_DEFINITIONS = (
					"DEBUG=1",
					"$(inherited)",
				);
				GCC_WARN_64_TO_32_BIT_CONVERSION = YES;
				GCC_WARN_ABOUT_RETURN_TYPE = YES_ERROR;
				GCC_WARN_UNDECLARED_SELECTOR = YES;
				GCC_WARN_UNINITIALIZED_AUTOS = YES_AGGRESSIVE;
				GCC_WARN_UNUSED_FUNCTION = YES;
				GCC_WARN_UNUSED_VARIABLE = YES;
				IPHONEOS_DEPLOYMENT_TARGET = 15.0;
				MTL_ENABLE_DEBUG_INFO = INCLUDE_SOURCE;
				MTL_FAST_MATH = YES;
				ONLY_ACTIVE_ARCH = YES;
				SDKROOT = iphoneos;
				SWIFT_ACTIVE_COMPILATION_CONDITIONS = DEBUG;
				SWIFT_OPTIMIZATION_LEVEL = "-Onone";
			};
			name = "Debug (Production)";
		};
		95A2540A276506430049D1FB /* Release (Production) */ = {
			isa = XCBuildConfiguration;
			baseConfigurationReference = 95220A6D2766B9FF00A2C78A /* Production.xcconfig */;
			buildSettings = {
				ALWAYS_EMBED_SWIFT_STANDARD_LIBRARIES = YES;
				ALWAYS_SEARCH_USER_PATHS = NO;
				CLANG_ANALYZER_NONNULL = YES;
				CLANG_ANALYZER_NUMBER_OBJECT_CONVERSION = YES_AGGRESSIVE;
				CLANG_CXX_LANGUAGE_STANDARD = "gnu++17";
				CLANG_CXX_LIBRARY = "libc++";
				CLANG_ENABLE_MODULES = YES;
				CLANG_ENABLE_OBJC_ARC = YES;
				CLANG_ENABLE_OBJC_WEAK = YES;
				CLANG_WARN_BLOCK_CAPTURE_AUTORELEASING = YES;
				CLANG_WARN_BOOL_CONVERSION = YES;
				CLANG_WARN_COMMA = YES;
				CLANG_WARN_CONSTANT_CONVERSION = YES;
				CLANG_WARN_DEPRECATED_OBJC_IMPLEMENTATIONS = YES;
				CLANG_WARN_DIRECT_OBJC_ISA_USAGE = YES_ERROR;
				CLANG_WARN_DOCUMENTATION_COMMENTS = YES;
				CLANG_WARN_EMPTY_BODY = YES;
				CLANG_WARN_ENUM_CONVERSION = YES;
				CLANG_WARN_INFINITE_RECURSION = YES;
				CLANG_WARN_INT_CONVERSION = YES;
				CLANG_WARN_NON_LITERAL_NULL_CONVERSION = YES;
				CLANG_WARN_OBJC_IMPLICIT_RETAIN_SELF = YES;
				CLANG_WARN_OBJC_LITERAL_CONVERSION = YES;
				CLANG_WARN_OBJC_ROOT_CLASS = YES_ERROR;
				CLANG_WARN_QUOTED_INCLUDE_IN_FRAMEWORK_HEADER = YES;
				CLANG_WARN_RANGE_LOOP_ANALYSIS = YES;
				CLANG_WARN_STRICT_PROTOTYPES = YES;
				CLANG_WARN_SUSPICIOUS_MOVE = YES;
				CLANG_WARN_UNGUARDED_AVAILABILITY = YES_AGGRESSIVE;
				CLANG_WARN_UNREACHABLE_CODE = YES;
				CLANG_WARN__DUPLICATE_METHOD_MATCH = YES;
				COPY_PHASE_STRIP = NO;
				DEBUG_INFORMATION_FORMAT = "dwarf-with-dsym";
				ENABLE_NS_ASSERTIONS = NO;
				ENABLE_STRICT_OBJC_MSGSEND = YES;
				GCC_C_LANGUAGE_STANDARD = gnu11;
				GCC_NO_COMMON_BLOCKS = YES;
				GCC_WARN_64_TO_32_BIT_CONVERSION = YES;
				GCC_WARN_ABOUT_RETURN_TYPE = YES_ERROR;
				GCC_WARN_UNDECLARED_SELECTOR = YES;
				GCC_WARN_UNINITIALIZED_AUTOS = YES_AGGRESSIVE;
				GCC_WARN_UNUSED_FUNCTION = YES;
				GCC_WARN_UNUSED_VARIABLE = YES;
				IPHONEOS_DEPLOYMENT_TARGET = 15.0;
				MTL_ENABLE_DEBUG_INFO = NO;
				MTL_FAST_MATH = YES;
				SDKROOT = iphoneos;
				SWIFT_COMPILATION_MODE = wholemodule;
				SWIFT_OPTIMIZATION_LEVEL = "-O";
				VALIDATE_PRODUCT = YES;
			};
			name = "Release (Production)";
		};
		95A2540C276506430049D1FB /* Debug (Production) */ = {
			isa = XCBuildConfiguration;
			baseConfigurationReference = 95220A6D2766B9FF00A2C78A /* Production.xcconfig */;
			buildSettings = {
				ASSETCATALOG_COMPILER_APPICON_NAME = AppIcon;
				ASSETCATALOG_COMPILER_GLOBAL_ACCENT_COLOR_NAME = AccentColor;
				CODE_SIGN_STYLE = Automatic;
				CURRENT_PROJECT_VERSION = 1;
				DEVELOPMENT_TEAM = JD9U9LGBU4;
				GENERATE_INFOPLIST_FILE = YES;
				INFOPLIST_FILE = "mvvm-project/SupportingFiles/Info.plist";
				INFOPLIST_KEY_UIApplicationSupportsIndirectInputEvents = YES;
				INFOPLIST_KEY_UILaunchStoryboardName = LaunchScreen;
				INFOPLIST_KEY_UIMainStoryboardFile = Main;
				INFOPLIST_KEY_UISupportedInterfaceOrientations_iPad = "UIInterfaceOrientationPortrait UIInterfaceOrientationPortraitUpsideDown UIInterfaceOrientationLandscapeLeft UIInterfaceOrientationLandscapeRight";
				INFOPLIST_KEY_UISupportedInterfaceOrientations_iPhone = "UIInterfaceOrientationPortrait UIInterfaceOrientationLandscapeLeft UIInterfaceOrientationLandscapeRight";
				LD_RUNPATH_SEARCH_PATHS = (
					"$(inherited)",
					"@executable_path/Frameworks",
				);
				MARKETING_VERSION = 1.0;
				PRODUCT_BUNDLE_IDENTIFIER = "abdallah.mvvm-project";
				PRODUCT_NAME = "$(TARGET_NAME)";
				SWIFT_EMIT_LOC_STRINGS = YES;
				SWIFT_VERSION = 5.0;
				TARGETED_DEVICE_FAMILY = "1,2";
			};
			name = "Debug (Production)";
		};
		95A2540D276506430049D1FB /* Release (Production) */ = {
			isa = XCBuildConfiguration;
			baseConfigurationReference = 95220A6D2766B9FF00A2C78A /* Production.xcconfig */;
			buildSettings = {
				ASSETCATALOG_COMPILER_APPICON_NAME = AppIcon;
				ASSETCATALOG_COMPILER_GLOBAL_ACCENT_COLOR_NAME = AccentColor;
				CODE_SIGN_STYLE = Automatic;
				CURRENT_PROJECT_VERSION = 1;
				DEVELOPMENT_TEAM = JD9U9LGBU4;
				GENERATE_INFOPLIST_FILE = YES;
				INFOPLIST_FILE = "mvvm-project/SupportingFiles/Info.plist";
				INFOPLIST_KEY_UIApplicationSupportsIndirectInputEvents = YES;
				INFOPLIST_KEY_UILaunchStoryboardName = LaunchScreen;
				INFOPLIST_KEY_UIMainStoryboardFile = Main;
				INFOPLIST_KEY_UISupportedInterfaceOrientations_iPad = "UIInterfaceOrientationPortrait UIInterfaceOrientationPortraitUpsideDown UIInterfaceOrientationLandscapeLeft UIInterfaceOrientationLandscapeRight";
				INFOPLIST_KEY_UISupportedInterfaceOrientations_iPhone = "UIInterfaceOrientationPortrait UIInterfaceOrientationLandscapeLeft UIInterfaceOrientationLandscapeRight";
				LD_RUNPATH_SEARCH_PATHS = (
					"$(inherited)",
					"@executable_path/Frameworks",
				);
				MARKETING_VERSION = 1.0;
				PRODUCT_BUNDLE_IDENTIFIER = "abdallah.mvvm-project";
				PRODUCT_NAME = "$(TARGET_NAME)";
				SWIFT_EMIT_LOC_STRINGS = YES;
				SWIFT_VERSION = 5.0;
				TARGETED_DEVICE_FAMILY = "1,2";
			};
			name = "Release (Production)";
		};
		95A2540F276506430049D1FB /* Debug (Production) */ = {
			isa = XCBuildConfiguration;
			baseConfigurationReference = 95220A6D2766B9FF00A2C78A /* Production.xcconfig */;
			buildSettings = {
				ALWAYS_EMBED_SWIFT_STANDARD_LIBRARIES = YES;
				BUNDLE_LOADER = "$(TEST_HOST)";
				CODE_SIGN_STYLE = Automatic;
				CURRENT_PROJECT_VERSION = 1;
				DEVELOPMENT_TEAM = JD9U9LGBU4;
				GENERATE_INFOPLIST_FILE = YES;
				IPHONEOS_DEPLOYMENT_TARGET = 15.0;
				LD_RUNPATH_SEARCH_PATHS = (
					"$(inherited)",
					"@executable_path/Frameworks",
					"@loader_path/Frameworks",
				);
				MARKETING_VERSION = 1.0;
				PRODUCT_BUNDLE_IDENTIFIER = "abdallah.mvvm-projectTests";
				PRODUCT_NAME = "$(TARGET_NAME)";
				SWIFT_EMIT_LOC_STRINGS = NO;
				SWIFT_VERSION = 5.0;
				TARGETED_DEVICE_FAMILY = "1,2";
				TEST_HOST = "$(BUILT_PRODUCTS_DIR)/mvvm-project.app/mvvm-project";
			};
			name = "Debug (Production)";
		};
		95A25410276506430049D1FB /* Release (Production) */ = {
			isa = XCBuildConfiguration;
			baseConfigurationReference = 95220A6D2766B9FF00A2C78A /* Production.xcconfig */;
			buildSettings = {
				ALWAYS_EMBED_SWIFT_STANDARD_LIBRARIES = YES;
				BUNDLE_LOADER = "$(TEST_HOST)";
				CODE_SIGN_STYLE = Automatic;
				CURRENT_PROJECT_VERSION = 1;
				DEVELOPMENT_TEAM = JD9U9LGBU4;
				GENERATE_INFOPLIST_FILE = YES;
				IPHONEOS_DEPLOYMENT_TARGET = 15.0;
				LD_RUNPATH_SEARCH_PATHS = (
					"$(inherited)",
					"@executable_path/Frameworks",
					"@loader_path/Frameworks",
				);
				MARKETING_VERSION = 1.0;
				PRODUCT_BUNDLE_IDENTIFIER = "abdallah.mvvm-projectTests";
				PRODUCT_NAME = "$(TARGET_NAME)";
				SWIFT_EMIT_LOC_STRINGS = NO;
				SWIFT_VERSION = 5.0;
				TARGETED_DEVICE_FAMILY = "1,2";
				TEST_HOST = "$(BUILT_PRODUCTS_DIR)/mvvm-project.app/mvvm-project";
			};
			name = "Release (Production)";
		};
		95A25412276506430049D1FB /* Debug (Production) */ = {
			isa = XCBuildConfiguration;
			baseConfigurationReference = 95220A6D2766B9FF00A2C78A /* Production.xcconfig */;
			buildSettings = {
				ALWAYS_EMBED_SWIFT_STANDARD_LIBRARIES = YES;
				CODE_SIGN_STYLE = Automatic;
				CURRENT_PROJECT_VERSION = 1;
				DEVELOPMENT_TEAM = JD9U9LGBU4;
				GENERATE_INFOPLIST_FILE = YES;
				LD_RUNPATH_SEARCH_PATHS = (
					"$(inherited)",
					"@executable_path/Frameworks",
					"@loader_path/Frameworks",
				);
				MARKETING_VERSION = 1.0;
				PRODUCT_BUNDLE_IDENTIFIER = "abdallah.mvvm-projectUITests";
				PRODUCT_NAME = "$(TARGET_NAME)";
				SWIFT_EMIT_LOC_STRINGS = NO;
				SWIFT_VERSION = 5.0;
				TARGETED_DEVICE_FAMILY = "1,2";
				TEST_TARGET_NAME = "mvvm-project";
			};
			name = "Debug (Production)";
		};
		95A25413276506430049D1FB /* Release (Production) */ = {
			isa = XCBuildConfiguration;
			baseConfigurationReference = C05666B97F6093D5C2F398DF /* Pods-mvvm-project-mvvm-projectUITests.release (production).xcconfig */;
			buildSettings = {
				ALWAYS_EMBED_SWIFT_STANDARD_LIBRARIES = YES;
				CODE_SIGN_STYLE = Automatic;
				CURRENT_PROJECT_VERSION = 1;
				DEVELOPMENT_TEAM = JD9U9LGBU4;
				GENERATE_INFOPLIST_FILE = YES;
				LD_RUNPATH_SEARCH_PATHS = (
					"$(inherited)",
					"@executable_path/Frameworks",
					"@loader_path/Frameworks",
				);
				MARKETING_VERSION = 1.0;
				PRODUCT_BUNDLE_IDENTIFIER = "abdallah.mvvm-projectUITests";
				PRODUCT_NAME = "$(TARGET_NAME)";
				SWIFT_EMIT_LOC_STRINGS = NO;
				SWIFT_VERSION = 5.0;
				TARGETED_DEVICE_FAMILY = "1,2";
				TEST_TARGET_NAME = "mvvm-project";
			};
			name = "Release (Production)";
		};
/* End XCBuildConfiguration section */

/* Begin XCConfigurationList section */
		95A253DC276506400049D1FB /* Build configuration list for PBXProject "mvvm-project" */ = {
			isa = XCConfigurationList;
			buildConfigurations = (
				95A25409276506430049D1FB /* Debug (Production) */,
				95220A5E276690D800A2C78A /* Debug (Development) */,
				95220A5A276690D400A2C78A /* Debug (Staging) */,
				95A2540A276506430049D1FB /* Release (Production) */,
				95220A66276690DF00A2C78A /* Release (Development) */,
				95220A62276690DB00A2C78A /* Release (Staging) */,
			);
			defaultConfigurationIsVisible = 0;
			defaultConfigurationName = "Release (Production)";
		};
		95A2540B276506430049D1FB /* Build configuration list for PBXNativeTarget "mvvm-project" */ = {
			isa = XCConfigurationList;
			buildConfigurations = (
				95A2540C276506430049D1FB /* Debug (Production) */,
				95220A5F276690D800A2C78A /* Debug (Development) */,
				95220A5B276690D400A2C78A /* Debug (Staging) */,
				95A2540D276506430049D1FB /* Release (Production) */,
				95220A67276690DF00A2C78A /* Release (Development) */,
				95220A63276690DB00A2C78A /* Release (Staging) */,
			);
			defaultConfigurationIsVisible = 0;
			defaultConfigurationName = "Release (Production)";
		};
		95A2540E276506430049D1FB /* Build configuration list for PBXNativeTarget "mvvm-projectTests" */ = {
			isa = XCConfigurationList;
			buildConfigurations = (
				95A2540F276506430049D1FB /* Debug (Production) */,
				95220A60276690D800A2C78A /* Debug (Development) */,
				95220A5C276690D400A2C78A /* Debug (Staging) */,
				95A25410276506430049D1FB /* Release (Production) */,
				95220A68276690DF00A2C78A /* Release (Development) */,
				95220A64276690DB00A2C78A /* Release (Staging) */,
			);
			defaultConfigurationIsVisible = 0;
			defaultConfigurationName = "Release (Production)";
		};
		95A25411276506430049D1FB /* Build configuration list for PBXNativeTarget "mvvm-projectUITests" */ = {
			isa = XCConfigurationList;
			buildConfigurations = (
				95A25412276506430049D1FB /* Debug (Production) */,
				95220A61276690D800A2C78A /* Debug (Development) */,
				95220A5D276690D400A2C78A /* Debug (Staging) */,
				95A25413276506430049D1FB /* Release (Production) */,
				95220A69276690DF00A2C78A /* Release (Development) */,
				95220A65276690DB00A2C78A /* Release (Staging) */,
			);
			defaultConfigurationIsVisible = 0;
			defaultConfigurationName = "Release (Production)";
		};
/* End XCConfigurationList section */
	};
	rootObject = 95A253D9276506400049D1FB /* Project object */;
}
